
Microsoft Visual Studio Solution File, Format Version 12.00
# Visual Studio Version 17
VisualStudioVersion = 17.7.34031.279
MinimumVisualStudioVersion = 10.0.40219.1
Project("{9A19103F-16F7-4668-BE54-9A1E7A4F7556}") = "6_lesson_C#Fundamentals", "6_lesson_C#Fundamentals\6_lesson_C#Fundamentals.csproj", "{ED71D78C-CD6F-4971-8927-46EC70087BE0}"
EndProject
Project("{9A19103F-16F7-4668-BE54-9A1E7A4F7556}") = "2.0_Division", "2.0_Division\2.0_Division.csproj", "{3B0D4E90-046F-45C2-A64E-978C84726720}"
EndProject
Project("{9A19103F-16F7-4668-BE54-9A1E7A4F7556}") = "3.0_Vacation", "3.0_Vacation\3.0_Vacation.csproj", "{C7AEE293-DF4D-4287-97C5-C6F46D5ACAEB}"
EndProject
Project("{9A19103F-16F7-4668-BE54-9A1E7A4F7556}") = "9.0_PadawanEquipment", "4.0_PadawanEquipment\9.0_PadawanEquipment.csproj", "{8857123D-052B-4B7F-963F-1F416E1A3F45}"
EndProject
Project("{9A19103F-16F7-4668-BE54-9A1E7A4F7556}") = "4.0 PrintAndSum", "4.0 PrintAndSum\4.0 PrintAndSum.csproj", "{29549C09-D1F2-4D84-A6D0-903FA7184D22}"
EndProject
Project("{9A19103F-16F7-4668-BE54-9A1E7A4F7556}") = "5.0 Login", "5.0 Login\5.0 Login.csproj", "{51852FD1-3027-4091-B17F-22FBFDF8E30C}"
EndProject
Project("{2150E333-8FDC-42A3-9474-1A3956D46DE8}") = "C#Fundamentals", "C#Fundamentals", "{B6EA2AC7-DB09-468E-B123-4C683C15382B}"
EndProject
Project("{2150E333-8FDC-42A3-9474-1A3956D46DE8}") = "9_Excercise", "9_Excercise", "{B38E43B4-CD2C-49E3-BCE4-57A2AB13C0FF}"
EndProject
Project("{9A19103F-16F7-4668-BE54-9A1E7A4F7556}") = "IntegerOperations", "IntegerOperations\IntegerOperations.csproj", "{C4A196EF-E9E3-47E3-856A-35764DE28488}"
EndProject
Project("{9A19103F-16F7-4668-BE54-9A1E7A4F7556}") = "SumDigits", "SumDigits\SumDigits.csproj", "{1A6A7122-E964-4F7D-BB90-5F8DC12035D1}"
EndProject
Project("{9A19103F-16F7-4668-BE54-9A1E7A4F7556}") = "Elevator", "Elevator\Elevator.csproj", "{BDDF4883-51E2-49DC-BDDD-42CE25A117AF}"
EndProject
Project("{FAE04EC0-301F-11D3-BF4B-00C04F79EFBC}") = "nigga", "nigga\nigga.csproj", "{A5FAB1B2-C15E-430B-A745-9B94DBE37C2E}"
EndProject
Project("{9A19103F-16F7-4668-BE54-9A1E7A4F7556}") = "SumChars", "SumChars\SumChars.csproj", "{B419379C-2E40-40A8-A41B-8018825C1B9F}"
EndProject
Project("{9A19103F-16F7-4668-BE54-9A1E7A4F7556}") = "PrintPartOfTheASCIITable", "PrintPartoftheASCIITable\PrintPartOfTheASCIITable.csproj", "{A0231DE0-7C1B-4F66-85B8-0446CC305554}"
EndProject
Project("{9A19103F-16F7-4668-BE54-9A1E7A4F7556}") = "TriplesOfLatinLetters", "TriplesOfLatinLetters\TriplesOfLatinLetters.csproj", "{CBDD0E19-9375-4634-8AEA-B1BFECA6B23C}"
EndProject
Project("{9A19103F-16F7-4668-BE54-9A1E7A4F7556}") = "WaterOverflow", "WaterOverflow\WaterOverflow.csproj", "{0C5C8391-5C73-4C04-B272-2AC3F146E4C9}"
EndProject
Project("{FAE04EC0-301F-11D3-BF4B-00C04F79EFBC}") = "BeerKegs", "BeerKegs\BeerKegs.csproj", "{51E8EBEE-280C-4B86-9899-ACAFFF6D4DFE}"
EndProject
Global
	GlobalSection(SolutionConfigurationPlatforms) = preSolution
		Debug|Any CPU = Debug|Any CPU
		Release|Any CPU = Release|Any CPU
	EndGlobalSection
	GlobalSection(ProjectConfigurationPlatforms) = postSolution
		{ED71D78C-CD6F-4971-8927-46EC70087BE0}.Debug|Any CPU.ActiveCfg = Debug|Any CPU
		{ED71D78C-CD6F-4971-8927-46EC70087BE0}.Debug|Any CPU.Build.0 = Debug|Any CPU
		{ED71D78C-CD6F-4971-8927-46EC70087BE0}.Release|Any CPU.ActiveCfg = Release|Any CPU
		{ED71D78C-CD6F-4971-8927-46EC70087BE0}.Release|Any CPU.Build.0 = Release|Any CPU
		{3B0D4E90-046F-45C2-A64E-978C84726720}.Debug|Any CPU.ActiveCfg = Debug|Any CPU
		{3B0D4E90-046F-45C2-A64E-978C84726720}.Debug|Any CPU.Build.0 = Debug|Any CPU
		{3B0D4E90-046F-45C2-A64E-978C84726720}.Release|Any CPU.ActiveCfg = Release|Any CPU
		{3B0D4E90-046F-45C2-A64E-978C84726720}.Release|Any CPU.Build.0 = Release|Any CPU
		{C7AEE293-DF4D-4287-97C5-C6F46D5ACAEB}.Debug|Any CPU.ActiveCfg = Debug|Any CPU
		{C7AEE293-DF4D-4287-97C5-C6F46D5ACAEB}.Debug|Any CPU.Build.0 = Debug|Any CPU
		{C7AEE293-DF4D-4287-97C5-C6F46D5ACAEB}.Release|Any CPU.ActiveCfg = Release|Any CPU
		{C7AEE293-DF4D-4287-97C5-C6F46D5ACAEB}.Release|Any CPU.Build.0 = Release|Any CPU
		{8857123D-052B-4B7F-963F-1F416E1A3F45}.Debug|Any CPU.ActiveCfg = Debug|Any CPU
		{8857123D-052B-4B7F-963F-1F416E1A3F45}.Debug|Any CPU.Build.0 = Debug|Any CPU
		{8857123D-052B-4B7F-963F-1F416E1A3F45}.Release|Any CPU.ActiveCfg = Release|Any CPU
		{8857123D-052B-4B7F-963F-1F416E1A3F45}.Release|Any CPU.Build.0 = Release|Any CPU
		{29549C09-D1F2-4D84-A6D0-903FA7184D22}.Debug|Any CPU.ActiveCfg = Debug|Any CPU
		{29549C09-D1F2-4D84-A6D0-903FA7184D22}.Debug|Any CPU.Build.0 = Debug|Any CPU
		{29549C09-D1F2-4D84-A6D0-903FA7184D22}.Release|Any CPU.ActiveCfg = Release|Any CPU
		{29549C09-D1F2-4D84-A6D0-903FA7184D22}.Release|Any CPU.Build.0 = Release|Any CPU
		{51852FD1-3027-4091-B17F-22FBFDF8E30C}.Debug|Any CPU.ActiveCfg = Debug|Any CPU
		{51852FD1-3027-4091-B17F-22FBFDF8E30C}.Debug|Any CPU.Build.0 = Debug|Any CPU
		{51852FD1-3027-4091-B17F-22FBFDF8E30C}.Release|Any CPU.ActiveCfg = Release|Any CPU
		{51852FD1-3027-4091-B17F-22FBFDF8E30C}.Release|Any CPU.Build.0 = Release|Any CPU
		{C4A196EF-E9E3-47E3-856A-35764DE28488}.Debug|Any CPU.ActiveCfg = Debug|Any CPU
		{C4A196EF-E9E3-47E3-856A-35764DE28488}.Debug|Any CPU.Build.0 = Debug|Any CPU
		{C4A196EF-E9E3-47E3-856A-35764DE28488}.Release|Any CPU.ActiveCfg = Release|Any CPU
		{C4A196EF-E9E3-47E3-856A-35764DE28488}.Release|Any CPU.Build.0 = Release|Any CPU
		{1A6A7122-E964-4F7D-BB90-5F8DC12035D1}.Debug|Any CPU.ActiveCfg = Debug|Any CPU
		{1A6A7122-E964-4F7D-BB90-5F8DC12035D1}.Debug|Any CPU.Build.0 = Debug|Any CPU
		{1A6A7122-E964-4F7D-BB90-5F8DC12035D1}.Release|Any CPU.ActiveCfg = Release|Any CPU
		{1A6A7122-E964-4F7D-BB90-5F8DC12035D1}.Release|Any CPU.Build.0 = Release|Any CPU
		{BDDF4883-51E2-49DC-BDDD-42CE25A117AF}.Debug|Any CPU.ActiveCfg = Debug|Any CPU
		{BDDF4883-51E2-49DC-BDDD-42CE25A117AF}.Debug|Any CPU.Build.0 = Debug|Any CPU
		{BDDF4883-51E2-49DC-BDDD-42CE25A117AF}.Release|Any CPU.ActiveCfg = Release|Any CPU
		{BDDF4883-51E2-49DC-BDDD-42CE25A117AF}.Release|Any CPU.Build.0 = Release|Any CPU
		{A5FAB1B2-C15E-430B-A745-9B94DBE37C2E}.Debug|Any CPU.ActiveCfg = Debug|Any CPU
		{A5FAB1B2-C15E-430B-A745-9B94DBE37C2E}.Debug|Any CPU.Build.0 = Debug|Any CPU
		{A5FAB1B2-C15E-430B-A745-9B94DBE37C2E}.Release|Any CPU.ActiveCfg = Release|Any CPU
		{A5FAB1B2-C15E-430B-A745-9B94DBE37C2E}.Release|Any CPU.Build.0 = Release|Any CPU
		{B419379C-2E40-40A8-A41B-8018825C1B9F}.Debug|Any CPU.ActiveCfg = Debug|Any CPU
		{B419379C-2E40-40A8-A41B-8018825C1B9F}.Debug|Any CPU.Build.0 = Debug|Any CPU
		{B419379C-2E40-40A8-A41B-8018825C1B9F}.Release|Any CPU.ActiveCfg = Release|Any CPU
		{B419379C-2E40-40A8-A41B-8018825C1B9F}.Release|Any CPU.Build.0 = Release|Any CPU
		{A0231DE0-7C1B-4F66-85B8-0446CC305554}.Debug|Any CPU.ActiveCfg = Debug|Any CPU
		{A0231DE0-7C1B-4F66-85B8-0446CC305554}.Debug|Any CPU.Build.0 = Debug|Any CPU
		{A0231DE0-7C1B-4F66-85B8-0446CC305554}.Release|Any CPU.ActiveCfg = Release|Any CPU
		{A0231DE0-7C1B-4F66-85B8-0446CC305554}.Release|Any CPU.Build.0 = Release|Any CPU
		{CBDD0E19-9375-4634-8AEA-B1BFECA6B23C}.Debug|Any CPU.ActiveCfg = Debug|Any CPU
		{CBDD0E19-9375-4634-8AEA-B1BFECA6B23C}.Debug|Any CPU.Build.0 = Debug|Any CPU
		{CBDD0E19-9375-4634-8AEA-B1BFECA6B23C}.Release|Any CPU.ActiveCfg = Release|Any CPU
		{CBDD0E19-9375-4634-8AEA-B1BFECA6B23C}.Release|Any CPU.Build.0 = Release|Any CPU
		{0C5C8391-5C73-4C04-B272-2AC3F146E4C9}.Debug|Any CPU.ActiveCfg = Debug|Any CPU
		{0C5C8391-5C73-4C04-B272-2AC3F146E4C9}.Debug|Any CPU.Build.0 = Debug|Any CPU
		{0C5C8391-5C73-4C04-B272-2AC3F146E4C9}.Release|Any CPU.ActiveCfg = Release|Any CPU
		{0C5C8391-5C73-4C04-B272-2AC3F146E4C9}.Release|Any CPU.Build.0 = Release|Any CPU
		{51E8EBEE-280C-4B86-9899-ACAFFF6D4DFE}.Debug|Any CPU.ActiveCfg = Debug|Any CPU
		{51E8EBEE-280C-4B86-9899-ACAFFF6D4DFE}.Debug|Any CPU.Build.0 = Debug|Any CPU
		{51E8EBEE-280C-4B86-9899-ACAFFF6D4DFE}.Release|Any CPU.ActiveCfg = Release|Any CPU
		{51E8EBEE-280C-4B86-9899-ACAFFF6D4DFE}.Release|Any CPU.Build.0 = Release|Any CPU
	EndGlobalSection
	GlobalSection(SolutionProperties) = preSolution
		HideSolutionNode = FALSE
	EndGlobalSection
	GlobalSection(NestedProjects) = preSolution
		{ED71D78C-CD6F-4971-8927-46EC70087BE0} = {B6EA2AC7-DB09-468E-B123-4C683C15382B}
		{3B0D4E90-046F-45C2-A64E-978C84726720} = {B6EA2AC7-DB09-468E-B123-4C683C15382B}
		{C7AEE293-DF4D-4287-97C5-C6F46D5ACAEB} = {B6EA2AC7-DB09-468E-B123-4C683C15382B}
		{8857123D-052B-4B7F-963F-1F416E1A3F45} = {B6EA2AC7-DB09-468E-B123-4C683C15382B}
		{29549C09-D1F2-4D84-A6D0-903FA7184D22} = {B6EA2AC7-DB09-468E-B123-4C683C15382B}
		{51852FD1-3027-4091-B17F-22FBFDF8E30C} = {B6EA2AC7-DB09-468E-B123-4C683C15382B}
		{C4A196EF-E9E3-47E3-856A-35764DE28488} = {B38E43B4-CD2C-49E3-BCE4-57A2AB13C0FF}
		{1A6A7122-E964-4F7D-BB90-5F8DC12035D1} = {B38E43B4-CD2C-49E3-BCE4-57A2AB13C0FF}
		{BDDF4883-51E2-49DC-BDDD-42CE25A117AF} = {B38E43B4-CD2C-49E3-BCE4-57A2AB13C0FF}
		{B419379C-2E40-40A8-A41B-8018825C1B9F} = {B38E43B4-CD2C-49E3-BCE4-57A2AB13C0FF}
		{A0231DE0-7C1B-4F66-85B8-0446CC305554} = {B38E43B4-CD2C-49E3-BCE4-57A2AB13C0FF}
		{CBDD0E19-9375-4634-8AEA-B1BFECA6B23C} = {B38E43B4-CD2C-49E3-BCE4-57A2AB13C0FF}
		{0C5C8391-5C73-4C04-B272-2AC3F146E4C9} = {B38E43B4-CD2C-49E3-BCE4-57A2AB13C0FF}
		{51E8EBEE-280C-4B86-9899-ACAFFF6D4DFE} = {B38E43B4-CD2C-49E3-BCE4-57A2AB13C0FF}
	EndGlobalSection
	GlobalSection(ExtensibilityGlobals) = postSolution
		SolutionGuid = {2F15456C-8D8D-46D5-BA7A-BDE6B90D2960}
	EndGlobalSection
EndGlobal
