
Microsoft Visual Studio Solution File, Format Version 12.00
# Visual Studio Version 17
VisualStudioVersion = 17.7.34031.279
MinimumVisualStudioVersion = 10.0.40219.1
Project("{9A19103F-16F7-4668-BE54-9A1E7A4F7556}") = "6_lesson_C#Fundamentals", "6_lesson_C#Fundamentals\6_lesson_C#Fundamentals.csproj", "{ED71D78C-CD6F-4971-8927-46EC70087BE0}"
EndProject
Project("{9A19103F-16F7-4668-BE54-9A1E7A4F7556}") = "2.0_Division", "2.0_Division\2.0_Division.csproj", "{3B0D4E90-046F-45C2-A64E-978C84726720}"
EndProject
Project("{9A19103F-16F7-4668-BE54-9A1E7A4F7556}") = "3.0_Vacation", "3.0_Vacation\3.0_Vacation.csproj", "{C7AEE293-DF4D-4287-97C5-C6F46D5ACAEB}"
EndProject
Project("{9A19103F-16F7-4668-BE54-9A1E7A4F7556}") = "9.0_PadawanEquipment", "4.0_PadawanEquipment\9.0_PadawanEquipment.csproj", "{8857123D-052B-4B7F-963F-1F416E1A3F45}"
EndProject
Project("{9A19103F-16F7-4668-BE54-9A1E7A4F7556}") = "4.0 PrintAndSum", "4.0 PrintAndSum\4.0 PrintAndSum.csproj", "{29549C09-D1F2-4D84-A6D0-903FA7184D22}"
EndProject
Project("{9A19103F-16F7-4668-BE54-9A1E7A4F7556}") = "5.0 Login", "5.0 Login\5.0 Login.csproj", "{51852FD1-3027-4091-B17F-22FBFDF8E30C}"
EndProject
Project("{2150E333-8FDC-42A3-9474-1A3956D46DE8}") = "C#Fundamentals", "C#Fundamentals", "{B6EA2AC7-DB09-468E-B123-4C683C15382B}"
EndProject
Project("{2150E333-8FDC-42A3-9474-1A3956D46DE8}") = "9_Excercise", "9_Excercise", "{B38E43B4-CD2C-49E3-BCE4-57A2AB13C0FF}"
EndProject
Project("{9A19103F-16F7-4668-BE54-9A1E7A4F7556}") = "IntegerOperations", "IntegerOperations\IntegerOperations.csproj", "{C4A196EF-E9E3-47E3-856A-35764DE28488}"
EndProject
Project("{9A19103F-16F7-4668-BE54-9A1E7A4F7556}") = "SumDigits", "SumDigits\SumDigits.csproj", "{1A6A7122-E964-4F7D-BB90-5F8DC12035D1}"
EndProject
Project("{9A19103F-16F7-4668-BE54-9A1E7A4F7556}") = "Elevator", "Elevator\Elevator.csproj", "{BDDF4883-51E2-49DC-BDDD-42CE25A117AF}"
EndProject
Project("{9A19103F-16F7-4668-BE54-9A1E7A4F7556}") = "SumChars", "SumChars\SumChars.csproj", "{B419379C-2E40-40A8-A41B-8018825C1B9F}"
EndProject
Project("{9A19103F-16F7-4668-BE54-9A1E7A4F7556}") = "PrintPartOfTheASCIITable", "PrintPartoftheASCIITable\PrintPartOfTheASCIITable.csproj", "{A0231DE0-7C1B-4F66-85B8-0446CC305554}"
EndProject
Project("{9A19103F-16F7-4668-BE54-9A1E7A4F7556}") = "TriplesOfLatinLetters", "TriplesOfLatinLetters\TriplesOfLatinLetters.csproj", "{CBDD0E19-9375-4634-8AEA-B1BFECA6B23C}"
EndProject
Project("{9A19103F-16F7-4668-BE54-9A1E7A4F7556}") = "WaterOverflow", "WaterOverflow\WaterOverflow.csproj", "{0C5C8391-5C73-4C04-B272-2AC3F146E4C9}"
EndProject
Project("{9A19103F-16F7-4668-BE54-9A1E7A4F7556}") = "BeerKegs", "BeerKegs\BeerKegs.csproj", "{51E8EBEE-280C-4B86-9899-ACAFFF6D4DFE}"
EndProject
Project("{9A19103F-16F7-4668-BE54-9A1E7A4F7556}") = "SpiceMustFlow", "SpiceMustFlow\SpiceMustFlow.csproj", "{A337BAA2-D6B0-4330-8D5D-605D158DEBD2}"
EndProject
Project("{9A19103F-16F7-4668-BE54-9A1E7A4F7556}") = "SnowBalls", "SnowBalls\SnowBalls.csproj", "{295D55D0-7DE8-49F8-B044-8E427AFCEC2A}"
EndProject
Project("{2150E333-8FDC-42A3-9474-1A3956D46DE8}") = "11_Arrays", "11_Arrays", "{700755CD-B8B1-46AF-9C4A-E3FD6E673245}"
EndProject
Project("{9A19103F-16F7-4668-BE54-9A1E7A4F7556}") = "DaysOfWeek", "DaysOfWeek\DaysOfWeek.csproj", "{52D0B8A1-1EF0-4C9C-8B4D-4F8246D94870}"
EndProject
Project("{9A19103F-16F7-4668-BE54-9A1E7A4F7556}") = "PrintNumbersInReverseOrder", "PrintNumbersInReverseOrder\PrintNumbersInReverseOrder.csproj", "{99D0D1A2-FC3E-4352-8591-7AE10E46B534}"
EndProject
Project("{9A19103F-16F7-4668-BE54-9A1E7A4F7556}") = "RoundingNumbers", "RoundingNumbers\RoundingNumbers.csproj", "{E9B293B4-453C-4645-A5C2-E01B7783F0E2}"
EndProject
Project("{2150E333-8FDC-42A3-9474-1A3956D46DE8}") = "12_ArraysExcercise", "12_ArraysExcercise", "{BA1102CD-C1D8-4277-9D06-15180541C56D}"
EndProject
Project("{9A19103F-16F7-4668-BE54-9A1E7A4F7556}") = "EqualSums", "EqualSums\EqualSums.csproj", "{A4AC62BD-79EE-4870-AD30-B25032A4DA9D}"
EndProject
Project("{9A19103F-16F7-4668-BE54-9A1E7A4F7556}") = "ArrayTester", "ArrayTester\ArrayTester.csproj", "{F194B2DB-ECA8-43FB-9DE6-039B56B5F39E}"
EndProject
Project("{9A19103F-16F7-4668-BE54-9A1E7A4F7556}") = "Train", "Train\Train.csproj", "{C5ACF2EE-C92D-4BA3-BDFC-40C8051F7D4D}"
EndProject
Project("{9A19103F-16F7-4668-BE54-9A1E7A4F7556}") = "CommonElements", "CommonElements\CommonElements.csproj", "{835F3126-E2A6-4F96-BACF-B150F56F501C}"
EndProject
Project("{9A19103F-16F7-4668-BE54-9A1E7A4F7556}") = "Zig-ZagArrays", "Zig-ZagArrays\Zig-ZagArrays.csproj", "{C8956252-783C-46A2-8E04-498D887D601A}"
EndProject
Project("{9A19103F-16F7-4668-BE54-9A1E7A4F7556}") = "ArrayRotation", "ArrayRotation\ArrayRotation.csproj", "{D9548B60-EDD9-4932-986A-5E5D7B3F32B8}"
EndProject
Project("{9A19103F-16F7-4668-BE54-9A1E7A4F7556}") = "TopIntegers", "TopIntegers\TopIntegers.csproj", "{C2B16D51-71D8-4894-8CF3-D9F93FFD289F}"
EndProject
Project("{9A19103F-16F7-4668-BE54-9A1E7A4F7556}") = "test", "test\test.csproj", "{0B882B9F-6267-473B-8A25-1A6B2BE8E501}"
EndProject
Project("{9A19103F-16F7-4668-BE54-9A1E7A4F7556}") = "DayOfWeek", "ConsoleApp1\DayOfWeek.csproj", "{57AD828E-E6A3-4263-BE66-82CEAD0C475B}"
EndProject
Project("{9A19103F-16F7-4668-BE54-9A1E7A4F7556}") = "ReverseArrayOfStrings", "ReverseArrayOfStrings\ReverseArrayOfStrings.csproj", "{342AD471-6843-46D7-BD86-85AC9A712B31}"
EndProject
Project("{9A19103F-16F7-4668-BE54-9A1E7A4F7556}") = "PrintNumbersInReverseOrder_2", "PrintNumbersInReverseOrder_2\PrintNumbersInReverseOrder_2.csproj", "{D34592E4-0E34-487B-B494-F95C16F1E81B}"
EndProject
Project("{9A19103F-16F7-4668-BE54-9A1E7A4F7556}") = "SumEvenNumbers", "SumEvenNumbers\SumEvenNumbers.csproj", "{61FEF20B-C7CA-432F-BEEC-462B49022820}"
EndProject
Project("{9A19103F-16F7-4668-BE54-9A1E7A4F7556}") = "06_StrongNumber", "06_StrongNumber\06_StrongNumber.csproj", "{27F6764D-0C0A-4316-80CF-3B52A0CEA1AD}"
EndProject
Project("{9A19103F-16F7-4668-BE54-9A1E7A4F7556}") = "07_VendingMachine", "07_VendingMachine\07_VendingMachine.csproj", "{1B2AC255-0958-4B07-AB94-AFB6295C4084}"
EndProject
Project("{9A19103F-16F7-4668-BE54-9A1E7A4F7556}") = "08_TriangleOfNumbers", "08_TriangleOfNumbers\08_TriangleOfNumbers.csproj", "{4C3419DA-3F08-4636-8D85-965BED8B7B93}"
EndProject
Project("{9A19103F-16F7-4668-BE54-9A1E7A4F7556}") = "10_RageExpences", "10_RageExpences\10_RageExpences.csproj", "{EE8DB12B-BBC7-446D-BDC6-2A381CAEB23F}"
EndProject
Project("{2150E333-8FDC-42A3-9474-1A3956D46DE8}") = "MoreBasicExcercise", "MoreBasicExcercise", "{0314DFDD-4E86-4705-907B-B21526614C71}"
EndProject
Project("{9A19103F-16F7-4668-BE54-9A1E7A4F7556}") = "SortNumbers", "SortNumbers\SortNumbers.csproj", "{9648EECD-4C45-47B2-A77D-1E04D1F93F30}"
EndProject
Project("{9A19103F-16F7-4668-BE54-9A1E7A4F7556}") = "EnglishNameOfTheLastDigit", "EnglishNameOfTheLastDigit\EnglishNameOfTheLastDigit.csproj", "{AE9A6065-0AC6-43D3-A0F8-36532AFA8E1D}"
EndProject
Project("{9A19103F-16F7-4668-BE54-9A1E7A4F7556}") = "SortNumbers_2.0", "SortNumbers_2.0\SortNumbers_2.0.csproj", "{CA5B943A-2885-4BE3-B0F2-E14DDA6827C0}"
EndProject
Project("{9A19103F-16F7-4668-BE54-9A1E7A4F7556}") = "GamingStore", "GamingStore\GamingStore.csproj", "{8BC9420F-CDC6-45E0-B880-B9585191BA06}"
EndProject
Project("{9A19103F-16F7-4668-BE54-9A1E7A4F7556}") = "ReverseString", "ReverseString\ReverseString.csproj", "{8AF6D860-4B50-44DE-87DF-C492DACD7287}"
EndProject
Project("{2150E333-8FDC-42A3-9474-1A3956D46DE8}") = "DataTypesAndVariables", "DataTypesAndVariables", "{995ADCF3-36C2-408E-9BBB-3B494C1C6DB3}"
EndProject
Project("{9A19103F-16F7-4668-BE54-9A1E7A4F7556}") = "ConvertMetersToKilometers", "ConvertMetersToKilometers\ConvertMetersToKilometers.csproj", "{0A938C3A-6521-4734-9AAA-29744FA4319B}"
EndProject
Project("{9A19103F-16F7-4668-BE54-9A1E7A4F7556}") = "PoundsToDollars", "PoundsToDollars\PoundsToDollars.csproj", "{CF81D0C4-1FCC-4F85-B94F-EC1E3FC8A82F}"
EndProject
Project("{9A19103F-16F7-4668-BE54-9A1E7A4F7556}") = "ExactSumOfRealNumbers", "ExactSumOfRealNumbers\ExactSumOfRealNumbers.csproj", "{787E884D-A8A7-4A50-8E8F-F15DE518236C}"
EndProject
Project("{9A19103F-16F7-4668-BE54-9A1E7A4F7556}") = "CenturiesToMinutes", "CenturiesToMinutes\CenturiesToMinutes.csproj", "{63C0ABF2-B667-4441-8B13-632C0256536F}"
EndProject
Project("{9A19103F-16F7-4668-BE54-9A1E7A4F7556}") = "SpecialNumbers", "SpecialNumbers\SpecialNumbers.csproj", "{148CA71B-EB57-4B6A-A192-28FD72919B04}"
EndProject
Project("{2150E333-8FDC-42A3-9474-1A3956D46DE8}") = "List", "List", "{79039214-9FAE-4600-8AA2-48D4B230D873}"
EndProject
Project("{9A19103F-16F7-4668-BE54-9A1E7A4F7556}") = "IntegerLists", "IntegerLists\IntegerLists.csproj", "{4EDFBAF0-B765-4B5D-A74C-37B44C7BE22D}"
EndProject
Project("{9A19103F-16F7-4668-BE54-9A1E7A4F7556}") = "SumAdjacentEqualNumbers", "SumAdjacentEqualNumbers\SumAdjacentEqualNumbers.csproj", "{C78C993A-B8EE-4B29-89DC-4B7D3E5D369D}"
EndProject
Project("{9A19103F-16F7-4668-BE54-9A1E7A4F7556}") = "ReverseArrayStrings", "ReverseArrayStrings\ReverseArrayStrings.csproj", "{8BD8DBCC-6C2C-409E-92AF-5579CB9B5D26}"
EndProject
Project("{9A19103F-16F7-4668-BE54-9A1E7A4F7556}") = "EvenAndOddSubtraction", "EvenAndOddSubtraction\EvenAndOddSubtraction.csproj", "{F019560A-6BD8-4DD6-AB8E-B7559BAB31DB}"
EndProject
Project("{9A19103F-16F7-4668-BE54-9A1E7A4F7556}") = "EqualArrays", "EqualArrays\EqualArrays.csproj", "{D7ABB2EB-BC83-4949-A8C0-9F5C6C0C90D8}"
EndProject
Project("{9A19103F-16F7-4668-BE54-9A1E7A4F7556}") = "CondenseArrayToNumber", "CondenseArrayToNumber\CondenseArrayToNumber.csproj", "{4B811977-686F-41A6-B556-5DC9BA75C71A}"
EndProject
Project("{2150E333-8FDC-42A3-9474-1A3956D46DE8}") = "ListExcercise", "ListExcercise", "{4A579241-978B-44CB-98A2-22ABE4E97179}"
EndProject
Project("{9A19103F-16F7-4668-BE54-9A1E7A4F7556}") = "ChangeList", "ChangeList\ChangeList.csproj", "{AAA4E943-FCC7-4282-8D23-41050E2BF1B2}"
EndProject
Project("{9A19103F-16F7-4668-BE54-9A1E7A4F7556}") = "TrainList", "TrainList\TrainList.csproj", "{33F4FF2E-B1DB-4276-BBEB-C8870C70D1BE}"
EndProject
Project("{9A19103F-16F7-4668-BE54-9A1E7A4F7556}") = "HouseParty", "HouseParty\HouseParty.csproj", "{A42A66E6-F254-4615-ABEC-AF1B7A6646E1}"
EndProject
Project("{9A19103F-16F7-4668-BE54-9A1E7A4F7556}") = "ListOperations", "ListOperations\ListOperations.csproj", "{B5BA2656-1CF6-40BB-9AE2-7E400C034B92}"
EndProject
Project("{9A19103F-16F7-4668-BE54-9A1E7A4F7556}") = "ListOfProducts", "ListOfProducts\ListOfProducts.csproj", "{5325B18D-9E57-4909-B173-ABD228DDBFA8}"
EndProject
Project("{9A19103F-16F7-4668-BE54-9A1E7A4F7556}") = "MergingLists", "MergingLists\MergingLists.csproj", "{388F4FF9-A620-4E22-9E9B-C44AB91CE8CC}"
EndProject
Project("{9A19103F-16F7-4668-BE54-9A1E7A4F7556}") = "GaussTrick", "GaussTrick\GaussTrick.csproj", "{03C2CAA5-1CB6-4882-B69D-0C9CB27048F8}"
EndProject
Project("{2150E333-8FDC-42A3-9474-1A3956D46DE8}") = "ExamPrep", "ExamPrep", "{FEBFD977-8A30-446A-96E9-DD42FACA049C}"
EndProject
Project("{9A19103F-16F7-4668-BE54-9A1E7A4F7556}") = "GuineaPig", "GuineaPig\GuineaPig.csproj", "{C8F84F2A-86E1-470D-A1E3-411E0D027CFE}"
EndProject
Project("{9A19103F-16F7-4668-BE54-9A1E7A4F7556}") = "TheLift", "TheLift\TheLift.csproj", "{0F296B31-C908-4F47-8BC3-ECC73CFDF5E3}"
EndProject
Project("{9A19103F-16F7-4668-BE54-9A1E7A4F7556}") = "MovingTarget", "MovingTarget\MovingTarget.csproj", "{1C932510-D472-4992-B770-BE8D551E24FF}"
EndProject
Project("{2150E333-8FDC-42A3-9474-1A3956D46DE8}") = "ExamPrep2", "ExamPrep2", "{9A9E55C3-043B-4529-A656-47DB4AB85E82}"
EndProject
Project("{9A19103F-16F7-4668-BE54-9A1E7A4F7556}") = "ComputerStore", "ComputerStore\ComputerStore.csproj", "{31B90D60-B2AF-4662-82C3-6EFF8FD9C1E5}"
EndProject
Project("{9A19103F-16F7-4668-BE54-9A1E7A4F7556}") = "CompStore", "CompStore\CompStore.csproj", "{6BAC35B4-8FCC-47E4-A2DF-2EC6CCDA1AAA}"
EndProject
Project("{9A19103F-16F7-4668-BE54-9A1E7A4F7556}") = "GuineaPig2.0", "GuineaPig2.0\GuineaPig2.0.csproj", "{95B12146-E761-492B-9060-4F8387CCAC87}"
EndProject
Project("{9A19103F-16F7-4668-BE54-9A1E7A4F7556}") = "TheLift_Midexam", "TheLift_Midexam\TheLift_Midexam.csproj", "{EE074919-7E00-402E-8CCC-D35F64E1D8B7}"
EndProject
Project("{9A19103F-16F7-4668-BE54-9A1E7A4F7556}") = "RemoveNegativesАndReverse", "RemoveNegativesАndReverse\RemoveNegativesАndReverse.csproj", "{17AAD12C-7404-4D37-A3C5-FFFC49D91D6A}"
EndProject
Project("{9A19103F-16F7-4668-BE54-9A1E7A4F7556}") = "MidExamProblem1", "MidExamProblem1\MidExamProblem1.csproj", "{09C759BF-B797-4B19-9834-7BBF3635FBCE}"
EndProject
Project("{9A19103F-16F7-4668-BE54-9A1E7A4F7556}") = "BandMembers", "BandMembers\BandMembers.csproj", "{EFCFBBFD-1250-4966-ADF8-AC1C39D98913}"
EndProject
Project("{9A19103F-16F7-4668-BE54-9A1E7A4F7556}") = "DrumSet", "DrumSet\DrumSet.csproj", "{2692A045-B508-439E-84DC-9722DF649FB4}"
EndProject
Project("{9A19103F-16F7-4668-BE54-9A1E7A4F7556}") = "Resurrection", "Resurrection\Resurrection.csproj", "{CFE74C23-1996-4954-811C-754077A7BFD8}"
EndProject
Project("{9A19103F-16F7-4668-BE54-9A1E7A4F7556}") = "CharityMarathon", "CharityMarathon\CharityMarathon.csproj", "{42C183A5-5E46-489D-9843-108193382F60}"
EndProject
Project("{9A19103F-16F7-4668-BE54-9A1E7A4F7556}") = "SortNumbers2017", "SortNumbers2017\SortNumbers2017.csproj", "{5AC86B7E-2B6D-4402-BFB5-DCBD6F14D8C6}"
EndProject
Project("{9A19103F-16F7-4668-BE54-9A1E7A4F7556}") = "AppendList", "AppendList\AppendList.csproj", "{FFE3BFD7-3FCA-4569-A733-0E2F2565B04C}"
EndProject
Project("{9A19103F-16F7-4668-BE54-9A1E7A4F7556}") = "DisneyJourney", "DisneyJourney\DisneyJourney.csproj", "{7F402BBF-32CC-452A-8AEF-872D8FC6E3DB}"
EndProject
Project("{9A19103F-16F7-4668-BE54-9A1E7A4F7556}") = "GeneratingNumbers", "GeneratingNumbers\GeneratingNumbers.csproj", "{DFCD0648-9CF6-44C6-98B0-EF2D113504BD}"
EndProject
Project("{9A19103F-16F7-4668-BE54-9A1E7A4F7556}") = "PaintingNumbers", "PaintingNumbers\PaintingNumbers.csproj", "{AA612E4E-DF0D-4537-84C4-5151F1DFAE28}"
EndProject
Project("{9A19103F-16F7-4668-BE54-9A1E7A4F7556}") = "CondenseArrayToNumber2", "CondenseArrayToNumber2\CondenseArrayToNumber2.csproj", "{E0CCB376-6A5B-4F8D-86F7-1B28D8C2EF50}"
EndProject
Project("{9A19103F-16F7-4668-BE54-9A1E7A4F7556}") = "NewTask", "NewTask\NewTask.csproj", "{C34DFCAE-DBEE-414B-97B0-75CBAFEB98A7}"
EndProject
Project("{9A19103F-16F7-4668-BE54-9A1E7A4F7556}") = "RemoveNegativesAndReverse", "RemoveNegativesAndReverse\RemoveNegativesAndReverse.csproj", "{F0D6208B-5AA3-439D-9D48-90DCA552769D}"
EndProject
Project("{9A19103F-16F7-4668-BE54-9A1E7A4F7556}") = "ListManipulationBasics", "ListManipulationBasics\ListManipulationBasics.csproj", "{FE114F8C-12D5-4DC0-B217-E3FA51E493B4}"
EndProject
Project("{9A19103F-16F7-4668-BE54-9A1E7A4F7556}") = "ChangeList2.0", "ChangeList2.0\ChangeList2.0.csproj", "{61CECD59-BE17-41A4-AD55-68E12828B1ED}"
EndProject
Project("{2150E333-8FDC-42A3-9474-1A3956D46DE8}") = "MethodsLab", "MethodsLab", "{47FFB028-6D27-48D1-B3E9-5235D5F528A7}"
EndProject
Project("{9A19103F-16F7-4668-BE54-9A1E7A4F7556}") = "SmallestOfThreeNums", "SmallestOfThreeNums\SmallestOfThreeNums.csproj", "{D7526DFE-8795-484A-8776-9B34BE0965FF}"
EndProject
Project("{2150E333-8FDC-42A3-9474-1A3956D46DE8}") = "BasicSyntax", "BasicSyntax", "{CC35718D-9619-40E8-A2EC-9F82C91C46A8}"
EndProject
Project("{9A19103F-16F7-4668-BE54-9A1E7A4F7556}") = "StudentsInformation", "StudentsInformation\StudentsInformation.csproj", "{37E97CA0-1890-4D45-B5E1-3AF6800BC732}"
EndProject
Project("{9A19103F-16F7-4668-BE54-9A1E7A4F7556}") = "Passed", "Passed\Passed.csproj", "{17F05F91-7835-4FBA-B17F-D4702268B957}"
EndProject
Project("{9A19103F-16F7-4668-BE54-9A1E7A4F7556}") = "PassedOrFailde", "PassedOrFailde\PassedOrFailde.csproj", "{4E32D3A0-A42D-4159-963B-0CA122B20B68}"
EndProject
Project("{9A19103F-16F7-4668-BE54-9A1E7A4F7556}") = "BackIn30Minutes", "BackIn30Minutes\BackIn30Minutes.csproj", "{6038ECDE-29F0-4885-AA4F-472EB1973AFC}"
EndProject
Project("{9A19103F-16F7-4668-BE54-9A1E7A4F7556}") = "Orders", "Orders\Orders.csproj", "{A9972EAD-84FC-483C-942A-2F6F1DFF76B6}"
EndProject
Project("{9A19103F-16F7-4668-BE54-9A1E7A4F7556}") = "MonthPriner", "MonthPriner\MonthPriner.csproj", "{8F5C156C-0F5C-4BA0-B447-7E7BA15FFFEF}"
EndProject
Project("{9A19103F-16F7-4668-BE54-9A1E7A4F7556}") = "ForreignLanguages", "ForreignLanguages\ForreignLanguages.csproj", "{C79F0002-92E2-4195-AF16-1C85B027676F}"
EndProject
Project("{9A19103F-16F7-4668-BE54-9A1E7A4F7556}") = "TheatrePromotions", "TheatrePromotions\TheatrePromotions.csproj", "{E15C1308-F410-4E8E-8698-65AED540AE27}"
EndProject
Project("{9A19103F-16F7-4668-BE54-9A1E7A4F7556}") = "DivisibleBy3", "DivisibleBy3\DivisibleBy3.csproj", "{55F35BD8-2195-4532-8F84-20FCE28A92B4}"
EndProject
Project("{9A19103F-16F7-4668-BE54-9A1E7A4F7556}") = "SumOddNumbers", "SumOddNumbers\SumOddNumbers.csproj", "{B2A7B67A-9D13-4271-9326-146BD2657552}"
EndProject
Project("{9A19103F-16F7-4668-BE54-9A1E7A4F7556}") = "MultiplicationTable", "MultiplicationTable\MultiplicationTable.csproj", "{5DF9CED6-96BC-47BA-B232-8204B4B4E6D4}"
EndProject
Project("{9A19103F-16F7-4668-BE54-9A1E7A4F7556}") = "EvenNumber", "EvenNumber\EvenNumber.csproj", "{A0A4F170-D975-42FA-AFD3-42EE76D46B8D}"
EndProject
Project("{2150E333-8FDC-42A3-9474-1A3956D46DE8}") = "TextProccesingLab", "TextProccesingLab", "{9B338C38-C88E-4A14-A60F-F009999AAD3C}"
EndProject
Project("{9A19103F-16F7-4668-BE54-9A1E7A4F7556}") = "ReverseStrings", "ReverseStrings\ReverseStrings.csproj", "{79E5DA9D-5696-40F2-B0FA-12DA82E49FA5}"
EndProject
Project("{9A19103F-16F7-4668-BE54-9A1E7A4F7556}") = "RepeatString", "RepeatString\RepeatString.csproj", "{F7937685-DA99-47D8-984D-88C439B43EB7}"
EndProject
Project("{9A19103F-16F7-4668-BE54-9A1E7A4F7556}") = "Substring", "Substring\Substring.csproj", "{43DFC54F-6E62-4E42-9629-4CC8D4C992E3}"
EndProject
Project("{9A19103F-16F7-4668-BE54-9A1E7A4F7556}") = "TextFilter", "TextFilter\TextFilter.csproj", "{586A518E-BCA8-4611-BA3B-175E4FC56ABA}"
EndProject
Project("{9A19103F-16F7-4668-BE54-9A1E7A4F7556}") = "TextFilter2", "TextFilter2\TextFilter2.csproj", "{13297A9D-FFFE-47DB-8091-9DD9EEF29453}"
EndProject
Project("{2150E333-8FDC-42A3-9474-1A3956D46DE8}") = "ExamPrepsNikiNovember", "ExamPrepsNikiNovember", "{2A9DB6CD-46E0-40FF-AC8E-97402CC0EC7A}"
EndProject
Project("{9A19103F-16F7-4668-BE54-9A1E7A4F7556}") = "GuineaPiglets", "GuineaPiglets\GuineaPiglets.csproj", "{C713CB10-8F8D-4BA8-9760-A98A6041D5D6}"
EndProject
Project("{2150E333-8FDC-42A3-9474-1A3956D46DE8}") = "REGEX", "REGEX", "{BCCDCDFC-436D-41E1-B3AA-7C8BD9C5E712}"
EndProject
Project("{9A19103F-16F7-4668-BE54-9A1E7A4F7556}") = "regex1", "regex1\regex1.csproj", "{0A410FEB-AB48-4602-ACFC-7378D0297349}"
EndProject
Project("{2150E333-8FDC-42A3-9474-1A3956D46DE8}") = "ExamPrepsNovember", "ExamPrepsNovember", "{F9E67E0A-F6A7-42A2-97A4-31304F82DBE5}"
EndProject
Project("{9A19103F-16F7-4668-BE54-9A1E7A4F7556}") = "TheLift3", "TheLift3\TheLift3.csproj", "{40AD5E25-1C86-4EB4-BF1C-78FFC2EF988B}"
EndProject
Project("{2150E333-8FDC-42A3-9474-1A3956D46DE8}") = "FinalExamPreparation", "FinalExamPreparation", "{23417A38-230F-465E-A4FE-6AE6252B0297}"
EndProject
Project("{9A19103F-16F7-4668-BE54-9A1E7A4F7556}") = "SecretChat", "SecretChat\SecretChat.csproj", "{149A6841-249E-4FF6-AE2A-276AE4E4BFAA}"
EndProject
Project("{9A19103F-16F7-4668-BE54-9A1E7A4F7556}") = "ConsoleApp2", "ConsoleApp2\ConsoleApp2.csproj", "{9DD5FF6B-358B-4668-8594-99A22AA32723}"
EndProject
Project("{9A19103F-16F7-4668-BE54-9A1E7A4F7556}") = "NeedForSpeed3", "NeedForSpeed3\NeedForSpeed3.csproj", "{35CCCCF1-F571-4F0C-B726-38BDFC291564}"
EndProject
Project("{9A19103F-16F7-4668-BE54-9A1E7A4F7556}") = "P!rates", "P!rates\P!rates.csproj", "{30A37006-2CEE-42AB-90D4-4E45EFE62612}"
EndProject
Project("{9A19103F-16F7-4668-BE54-9A1E7A4F7556}") = "FancyBarcodes", "FancyBarcodes\FancyBarcodes.csproj", "{CDD4EFAA-4A91-4A05-BABB-C60CE9AD2F29}"
EndProject
Project("{FAE04EC0-301F-11D3-BF4B-00C04F79EFBC}") = "SecretChat2.0", "SecretChat2.0\SecretChat2.0.csproj", "{BB1B0DDC-3FA5-47D5-B015-50CC08D1DFE8}"
EndProject
Global
	GlobalSection(SolutionConfigurationPlatforms) = preSolution
		Debug|Any CPU = Debug|Any CPU
		Release|Any CPU = Release|Any CPU
	EndGlobalSection
	GlobalSection(ProjectConfigurationPlatforms) = postSolution
		{ED71D78C-CD6F-4971-8927-46EC70087BE0}.Debug|Any CPU.ActiveCfg = Debug|Any CPU
		{ED71D78C-CD6F-4971-8927-46EC70087BE0}.Debug|Any CPU.Build.0 = Debug|Any CPU
		{ED71D78C-CD6F-4971-8927-46EC70087BE0}.Release|Any CPU.ActiveCfg = Release|Any CPU
		{ED71D78C-CD6F-4971-8927-46EC70087BE0}.Release|Any CPU.Build.0 = Release|Any CPU
		{3B0D4E90-046F-45C2-A64E-978C84726720}.Debug|Any CPU.ActiveCfg = Debug|Any CPU
		{3B0D4E90-046F-45C2-A64E-978C84726720}.Debug|Any CPU.Build.0 = Debug|Any CPU
		{3B0D4E90-046F-45C2-A64E-978C84726720}.Release|Any CPU.ActiveCfg = Release|Any CPU
		{3B0D4E90-046F-45C2-A64E-978C84726720}.Release|Any CPU.Build.0 = Release|Any CPU
		{C7AEE293-DF4D-4287-97C5-C6F46D5ACAEB}.Debug|Any CPU.ActiveCfg = Debug|Any CPU
		{C7AEE293-DF4D-4287-97C5-C6F46D5ACAEB}.Debug|Any CPU.Build.0 = Debug|Any CPU
		{C7AEE293-DF4D-4287-97C5-C6F46D5ACAEB}.Release|Any CPU.ActiveCfg = Release|Any CPU
		{C7AEE293-DF4D-4287-97C5-C6F46D5ACAEB}.Release|Any CPU.Build.0 = Release|Any CPU
		{8857123D-052B-4B7F-963F-1F416E1A3F45}.Debug|Any CPU.ActiveCfg = Debug|Any CPU
		{8857123D-052B-4B7F-963F-1F416E1A3F45}.Debug|Any CPU.Build.0 = Debug|Any CPU
		{8857123D-052B-4B7F-963F-1F416E1A3F45}.Release|Any CPU.ActiveCfg = Release|Any CPU
		{8857123D-052B-4B7F-963F-1F416E1A3F45}.Release|Any CPU.Build.0 = Release|Any CPU
		{29549C09-D1F2-4D84-A6D0-903FA7184D22}.Debug|Any CPU.ActiveCfg = Debug|Any CPU
		{29549C09-D1F2-4D84-A6D0-903FA7184D22}.Debug|Any CPU.Build.0 = Debug|Any CPU
		{29549C09-D1F2-4D84-A6D0-903FA7184D22}.Release|Any CPU.ActiveCfg = Release|Any CPU
		{29549C09-D1F2-4D84-A6D0-903FA7184D22}.Release|Any CPU.Build.0 = Release|Any CPU
		{51852FD1-3027-4091-B17F-22FBFDF8E30C}.Debug|Any CPU.ActiveCfg = Debug|Any CPU
		{51852FD1-3027-4091-B17F-22FBFDF8E30C}.Debug|Any CPU.Build.0 = Debug|Any CPU
		{51852FD1-3027-4091-B17F-22FBFDF8E30C}.Release|Any CPU.ActiveCfg = Release|Any CPU
		{51852FD1-3027-4091-B17F-22FBFDF8E30C}.Release|Any CPU.Build.0 = Release|Any CPU
		{C4A196EF-E9E3-47E3-856A-35764DE28488}.Debug|Any CPU.ActiveCfg = Debug|Any CPU
		{C4A196EF-E9E3-47E3-856A-35764DE28488}.Debug|Any CPU.Build.0 = Debug|Any CPU
		{C4A196EF-E9E3-47E3-856A-35764DE28488}.Release|Any CPU.ActiveCfg = Release|Any CPU
		{C4A196EF-E9E3-47E3-856A-35764DE28488}.Release|Any CPU.Build.0 = Release|Any CPU
		{1A6A7122-E964-4F7D-BB90-5F8DC12035D1}.Debug|Any CPU.ActiveCfg = Debug|Any CPU
		{1A6A7122-E964-4F7D-BB90-5F8DC12035D1}.Debug|Any CPU.Build.0 = Debug|Any CPU
		{1A6A7122-E964-4F7D-BB90-5F8DC12035D1}.Release|Any CPU.ActiveCfg = Release|Any CPU
		{1A6A7122-E964-4F7D-BB90-5F8DC12035D1}.Release|Any CPU.Build.0 = Release|Any CPU
		{BDDF4883-51E2-49DC-BDDD-42CE25A117AF}.Debug|Any CPU.ActiveCfg = Debug|Any CPU
		{BDDF4883-51E2-49DC-BDDD-42CE25A117AF}.Debug|Any CPU.Build.0 = Debug|Any CPU
		{BDDF4883-51E2-49DC-BDDD-42CE25A117AF}.Release|Any CPU.ActiveCfg = Release|Any CPU
		{BDDF4883-51E2-49DC-BDDD-42CE25A117AF}.Release|Any CPU.Build.0 = Release|Any CPU
		{B419379C-2E40-40A8-A41B-8018825C1B9F}.Debug|Any CPU.ActiveCfg = Debug|Any CPU
		{B419379C-2E40-40A8-A41B-8018825C1B9F}.Debug|Any CPU.Build.0 = Debug|Any CPU
		{B419379C-2E40-40A8-A41B-8018825C1B9F}.Release|Any CPU.ActiveCfg = Release|Any CPU
		{B419379C-2E40-40A8-A41B-8018825C1B9F}.Release|Any CPU.Build.0 = Release|Any CPU
		{A0231DE0-7C1B-4F66-85B8-0446CC305554}.Debug|Any CPU.ActiveCfg = Debug|Any CPU
		{A0231DE0-7C1B-4F66-85B8-0446CC305554}.Debug|Any CPU.Build.0 = Debug|Any CPU
		{A0231DE0-7C1B-4F66-85B8-0446CC305554}.Release|Any CPU.ActiveCfg = Release|Any CPU
		{A0231DE0-7C1B-4F66-85B8-0446CC305554}.Release|Any CPU.Build.0 = Release|Any CPU
		{CBDD0E19-9375-4634-8AEA-B1BFECA6B23C}.Debug|Any CPU.ActiveCfg = Debug|Any CPU
		{CBDD0E19-9375-4634-8AEA-B1BFECA6B23C}.Debug|Any CPU.Build.0 = Debug|Any CPU
		{CBDD0E19-9375-4634-8AEA-B1BFECA6B23C}.Release|Any CPU.ActiveCfg = Release|Any CPU
		{CBDD0E19-9375-4634-8AEA-B1BFECA6B23C}.Release|Any CPU.Build.0 = Release|Any CPU
		{0C5C8391-5C73-4C04-B272-2AC3F146E4C9}.Debug|Any CPU.ActiveCfg = Debug|Any CPU
		{0C5C8391-5C73-4C04-B272-2AC3F146E4C9}.Debug|Any CPU.Build.0 = Debug|Any CPU
		{0C5C8391-5C73-4C04-B272-2AC3F146E4C9}.Release|Any CPU.ActiveCfg = Release|Any CPU
		{0C5C8391-5C73-4C04-B272-2AC3F146E4C9}.Release|Any CPU.Build.0 = Release|Any CPU
		{51E8EBEE-280C-4B86-9899-ACAFFF6D4DFE}.Debug|Any CPU.ActiveCfg = Debug|Any CPU
		{51E8EBEE-280C-4B86-9899-ACAFFF6D4DFE}.Debug|Any CPU.Build.0 = Debug|Any CPU
		{51E8EBEE-280C-4B86-9899-ACAFFF6D4DFE}.Release|Any CPU.ActiveCfg = Release|Any CPU
		{51E8EBEE-280C-4B86-9899-ACAFFF6D4DFE}.Release|Any CPU.Build.0 = Release|Any CPU
		{A337BAA2-D6B0-4330-8D5D-605D158DEBD2}.Debug|Any CPU.ActiveCfg = Debug|Any CPU
		{A337BAA2-D6B0-4330-8D5D-605D158DEBD2}.Debug|Any CPU.Build.0 = Debug|Any CPU
		{A337BAA2-D6B0-4330-8D5D-605D158DEBD2}.Release|Any CPU.ActiveCfg = Release|Any CPU
		{A337BAA2-D6B0-4330-8D5D-605D158DEBD2}.Release|Any CPU.Build.0 = Release|Any CPU
		{295D55D0-7DE8-49F8-B044-8E427AFCEC2A}.Debug|Any CPU.ActiveCfg = Debug|Any CPU
		{295D55D0-7DE8-49F8-B044-8E427AFCEC2A}.Debug|Any CPU.Build.0 = Debug|Any CPU
		{295D55D0-7DE8-49F8-B044-8E427AFCEC2A}.Release|Any CPU.ActiveCfg = Release|Any CPU
		{295D55D0-7DE8-49F8-B044-8E427AFCEC2A}.Release|Any CPU.Build.0 = Release|Any CPU
		{52D0B8A1-1EF0-4C9C-8B4D-4F8246D94870}.Debug|Any CPU.ActiveCfg = Debug|Any CPU
		{52D0B8A1-1EF0-4C9C-8B4D-4F8246D94870}.Debug|Any CPU.Build.0 = Debug|Any CPU
		{52D0B8A1-1EF0-4C9C-8B4D-4F8246D94870}.Release|Any CPU.ActiveCfg = Release|Any CPU
		{52D0B8A1-1EF0-4C9C-8B4D-4F8246D94870}.Release|Any CPU.Build.0 = Release|Any CPU
		{99D0D1A2-FC3E-4352-8591-7AE10E46B534}.Debug|Any CPU.ActiveCfg = Debug|Any CPU
		{99D0D1A2-FC3E-4352-8591-7AE10E46B534}.Debug|Any CPU.Build.0 = Debug|Any CPU
		{99D0D1A2-FC3E-4352-8591-7AE10E46B534}.Release|Any CPU.ActiveCfg = Release|Any CPU
		{99D0D1A2-FC3E-4352-8591-7AE10E46B534}.Release|Any CPU.Build.0 = Release|Any CPU
		{E9B293B4-453C-4645-A5C2-E01B7783F0E2}.Debug|Any CPU.ActiveCfg = Debug|Any CPU
		{E9B293B4-453C-4645-A5C2-E01B7783F0E2}.Debug|Any CPU.Build.0 = Debug|Any CPU
		{E9B293B4-453C-4645-A5C2-E01B7783F0E2}.Release|Any CPU.ActiveCfg = Release|Any CPU
		{E9B293B4-453C-4645-A5C2-E01B7783F0E2}.Release|Any CPU.Build.0 = Release|Any CPU
		{A4AC62BD-79EE-4870-AD30-B25032A4DA9D}.Debug|Any CPU.ActiveCfg = Debug|Any CPU
		{A4AC62BD-79EE-4870-AD30-B25032A4DA9D}.Debug|Any CPU.Build.0 = Debug|Any CPU
		{A4AC62BD-79EE-4870-AD30-B25032A4DA9D}.Release|Any CPU.ActiveCfg = Release|Any CPU
		{A4AC62BD-79EE-4870-AD30-B25032A4DA9D}.Release|Any CPU.Build.0 = Release|Any CPU
		{F194B2DB-ECA8-43FB-9DE6-039B56B5F39E}.Debug|Any CPU.ActiveCfg = Debug|Any CPU
		{F194B2DB-ECA8-43FB-9DE6-039B56B5F39E}.Debug|Any CPU.Build.0 = Debug|Any CPU
		{F194B2DB-ECA8-43FB-9DE6-039B56B5F39E}.Release|Any CPU.ActiveCfg = Release|Any CPU
		{F194B2DB-ECA8-43FB-9DE6-039B56B5F39E}.Release|Any CPU.Build.0 = Release|Any CPU
		{C5ACF2EE-C92D-4BA3-BDFC-40C8051F7D4D}.Debug|Any CPU.ActiveCfg = Debug|Any CPU
		{C5ACF2EE-C92D-4BA3-BDFC-40C8051F7D4D}.Debug|Any CPU.Build.0 = Debug|Any CPU
		{C5ACF2EE-C92D-4BA3-BDFC-40C8051F7D4D}.Release|Any CPU.ActiveCfg = Release|Any CPU
		{C5ACF2EE-C92D-4BA3-BDFC-40C8051F7D4D}.Release|Any CPU.Build.0 = Release|Any CPU
		{835F3126-E2A6-4F96-BACF-B150F56F501C}.Debug|Any CPU.ActiveCfg = Debug|Any CPU
		{835F3126-E2A6-4F96-BACF-B150F56F501C}.Debug|Any CPU.Build.0 = Debug|Any CPU
		{835F3126-E2A6-4F96-BACF-B150F56F501C}.Release|Any CPU.ActiveCfg = Release|Any CPU
		{835F3126-E2A6-4F96-BACF-B150F56F501C}.Release|Any CPU.Build.0 = Release|Any CPU
		{C8956252-783C-46A2-8E04-498D887D601A}.Debug|Any CPU.ActiveCfg = Debug|Any CPU
		{C8956252-783C-46A2-8E04-498D887D601A}.Debug|Any CPU.Build.0 = Debug|Any CPU
		{C8956252-783C-46A2-8E04-498D887D601A}.Release|Any CPU.ActiveCfg = Release|Any CPU
		{C8956252-783C-46A2-8E04-498D887D601A}.Release|Any CPU.Build.0 = Release|Any CPU
		{D9548B60-EDD9-4932-986A-5E5D7B3F32B8}.Debug|Any CPU.ActiveCfg = Debug|Any CPU
		{D9548B60-EDD9-4932-986A-5E5D7B3F32B8}.Debug|Any CPU.Build.0 = Debug|Any CPU
		{D9548B60-EDD9-4932-986A-5E5D7B3F32B8}.Release|Any CPU.ActiveCfg = Release|Any CPU
		{D9548B60-EDD9-4932-986A-5E5D7B3F32B8}.Release|Any CPU.Build.0 = Release|Any CPU
		{C2B16D51-71D8-4894-8CF3-D9F93FFD289F}.Debug|Any CPU.ActiveCfg = Debug|Any CPU
		{C2B16D51-71D8-4894-8CF3-D9F93FFD289F}.Debug|Any CPU.Build.0 = Debug|Any CPU
		{C2B16D51-71D8-4894-8CF3-D9F93FFD289F}.Release|Any CPU.ActiveCfg = Release|Any CPU
		{C2B16D51-71D8-4894-8CF3-D9F93FFD289F}.Release|Any CPU.Build.0 = Release|Any CPU
		{0B882B9F-6267-473B-8A25-1A6B2BE8E501}.Debug|Any CPU.ActiveCfg = Debug|Any CPU
		{0B882B9F-6267-473B-8A25-1A6B2BE8E501}.Debug|Any CPU.Build.0 = Debug|Any CPU
		{0B882B9F-6267-473B-8A25-1A6B2BE8E501}.Release|Any CPU.ActiveCfg = Release|Any CPU
		{0B882B9F-6267-473B-8A25-1A6B2BE8E501}.Release|Any CPU.Build.0 = Release|Any CPU
		{57AD828E-E6A3-4263-BE66-82CEAD0C475B}.Debug|Any CPU.ActiveCfg = Debug|Any CPU
		{57AD828E-E6A3-4263-BE66-82CEAD0C475B}.Debug|Any CPU.Build.0 = Debug|Any CPU
		{57AD828E-E6A3-4263-BE66-82CEAD0C475B}.Release|Any CPU.ActiveCfg = Release|Any CPU
		{57AD828E-E6A3-4263-BE66-82CEAD0C475B}.Release|Any CPU.Build.0 = Release|Any CPU
		{342AD471-6843-46D7-BD86-85AC9A712B31}.Debug|Any CPU.ActiveCfg = Debug|Any CPU
		{342AD471-6843-46D7-BD86-85AC9A712B31}.Debug|Any CPU.Build.0 = Debug|Any CPU
		{342AD471-6843-46D7-BD86-85AC9A712B31}.Release|Any CPU.ActiveCfg = Release|Any CPU
		{342AD471-6843-46D7-BD86-85AC9A712B31}.Release|Any CPU.Build.0 = Release|Any CPU
		{D34592E4-0E34-487B-B494-F95C16F1E81B}.Debug|Any CPU.ActiveCfg = Debug|Any CPU
		{D34592E4-0E34-487B-B494-F95C16F1E81B}.Debug|Any CPU.Build.0 = Debug|Any CPU
		{D34592E4-0E34-487B-B494-F95C16F1E81B}.Release|Any CPU.ActiveCfg = Release|Any CPU
		{D34592E4-0E34-487B-B494-F95C16F1E81B}.Release|Any CPU.Build.0 = Release|Any CPU
		{61FEF20B-C7CA-432F-BEEC-462B49022820}.Debug|Any CPU.ActiveCfg = Debug|Any CPU
		{61FEF20B-C7CA-432F-BEEC-462B49022820}.Debug|Any CPU.Build.0 = Debug|Any CPU
		{61FEF20B-C7CA-432F-BEEC-462B49022820}.Release|Any CPU.ActiveCfg = Release|Any CPU
		{61FEF20B-C7CA-432F-BEEC-462B49022820}.Release|Any CPU.Build.0 = Release|Any CPU
		{27F6764D-0C0A-4316-80CF-3B52A0CEA1AD}.Debug|Any CPU.ActiveCfg = Debug|Any CPU
		{27F6764D-0C0A-4316-80CF-3B52A0CEA1AD}.Debug|Any CPU.Build.0 = Debug|Any CPU
		{27F6764D-0C0A-4316-80CF-3B52A0CEA1AD}.Release|Any CPU.ActiveCfg = Release|Any CPU
		{27F6764D-0C0A-4316-80CF-3B52A0CEA1AD}.Release|Any CPU.Build.0 = Release|Any CPU
		{1B2AC255-0958-4B07-AB94-AFB6295C4084}.Debug|Any CPU.ActiveCfg = Debug|Any CPU
		{1B2AC255-0958-4B07-AB94-AFB6295C4084}.Debug|Any CPU.Build.0 = Debug|Any CPU
		{1B2AC255-0958-4B07-AB94-AFB6295C4084}.Release|Any CPU.ActiveCfg = Release|Any CPU
		{1B2AC255-0958-4B07-AB94-AFB6295C4084}.Release|Any CPU.Build.0 = Release|Any CPU
		{4C3419DA-3F08-4636-8D85-965BED8B7B93}.Debug|Any CPU.ActiveCfg = Debug|Any CPU
		{4C3419DA-3F08-4636-8D85-965BED8B7B93}.Debug|Any CPU.Build.0 = Debug|Any CPU
		{4C3419DA-3F08-4636-8D85-965BED8B7B93}.Release|Any CPU.ActiveCfg = Release|Any CPU
		{4C3419DA-3F08-4636-8D85-965BED8B7B93}.Release|Any CPU.Build.0 = Release|Any CPU
		{EE8DB12B-BBC7-446D-BDC6-2A381CAEB23F}.Debug|Any CPU.ActiveCfg = Debug|Any CPU
		{EE8DB12B-BBC7-446D-BDC6-2A381CAEB23F}.Debug|Any CPU.Build.0 = Debug|Any CPU
		{EE8DB12B-BBC7-446D-BDC6-2A381CAEB23F}.Release|Any CPU.ActiveCfg = Release|Any CPU
		{EE8DB12B-BBC7-446D-BDC6-2A381CAEB23F}.Release|Any CPU.Build.0 = Release|Any CPU
		{9648EECD-4C45-47B2-A77D-1E04D1F93F30}.Debug|Any CPU.ActiveCfg = Debug|Any CPU
		{9648EECD-4C45-47B2-A77D-1E04D1F93F30}.Debug|Any CPU.Build.0 = Debug|Any CPU
		{9648EECD-4C45-47B2-A77D-1E04D1F93F30}.Release|Any CPU.ActiveCfg = Release|Any CPU
		{9648EECD-4C45-47B2-A77D-1E04D1F93F30}.Release|Any CPU.Build.0 = Release|Any CPU
		{AE9A6065-0AC6-43D3-A0F8-36532AFA8E1D}.Debug|Any CPU.ActiveCfg = Debug|Any CPU
		{AE9A6065-0AC6-43D3-A0F8-36532AFA8E1D}.Debug|Any CPU.Build.0 = Debug|Any CPU
		{AE9A6065-0AC6-43D3-A0F8-36532AFA8E1D}.Release|Any CPU.ActiveCfg = Release|Any CPU
		{AE9A6065-0AC6-43D3-A0F8-36532AFA8E1D}.Release|Any CPU.Build.0 = Release|Any CPU
		{CA5B943A-2885-4BE3-B0F2-E14DDA6827C0}.Debug|Any CPU.ActiveCfg = Debug|Any CPU
		{CA5B943A-2885-4BE3-B0F2-E14DDA6827C0}.Debug|Any CPU.Build.0 = Debug|Any CPU
		{CA5B943A-2885-4BE3-B0F2-E14DDA6827C0}.Release|Any CPU.ActiveCfg = Release|Any CPU
		{CA5B943A-2885-4BE3-B0F2-E14DDA6827C0}.Release|Any CPU.Build.0 = Release|Any CPU
		{8BC9420F-CDC6-45E0-B880-B9585191BA06}.Debug|Any CPU.ActiveCfg = Debug|Any CPU
		{8BC9420F-CDC6-45E0-B880-B9585191BA06}.Debug|Any CPU.Build.0 = Debug|Any CPU
		{8BC9420F-CDC6-45E0-B880-B9585191BA06}.Release|Any CPU.ActiveCfg = Release|Any CPU
		{8BC9420F-CDC6-45E0-B880-B9585191BA06}.Release|Any CPU.Build.0 = Release|Any CPU
		{8AF6D860-4B50-44DE-87DF-C492DACD7287}.Debug|Any CPU.ActiveCfg = Debug|Any CPU
		{8AF6D860-4B50-44DE-87DF-C492DACD7287}.Debug|Any CPU.Build.0 = Debug|Any CPU
		{8AF6D860-4B50-44DE-87DF-C492DACD7287}.Release|Any CPU.ActiveCfg = Release|Any CPU
		{8AF6D860-4B50-44DE-87DF-C492DACD7287}.Release|Any CPU.Build.0 = Release|Any CPU
		{0A938C3A-6521-4734-9AAA-29744FA4319B}.Debug|Any CPU.ActiveCfg = Debug|Any CPU
		{0A938C3A-6521-4734-9AAA-29744FA4319B}.Debug|Any CPU.Build.0 = Debug|Any CPU
		{0A938C3A-6521-4734-9AAA-29744FA4319B}.Release|Any CPU.ActiveCfg = Release|Any CPU
		{0A938C3A-6521-4734-9AAA-29744FA4319B}.Release|Any CPU.Build.0 = Release|Any CPU
		{CF81D0C4-1FCC-4F85-B94F-EC1E3FC8A82F}.Debug|Any CPU.ActiveCfg = Debug|Any CPU
		{CF81D0C4-1FCC-4F85-B94F-EC1E3FC8A82F}.Debug|Any CPU.Build.0 = Debug|Any CPU
		{CF81D0C4-1FCC-4F85-B94F-EC1E3FC8A82F}.Release|Any CPU.ActiveCfg = Release|Any CPU
		{CF81D0C4-1FCC-4F85-B94F-EC1E3FC8A82F}.Release|Any CPU.Build.0 = Release|Any CPU
		{787E884D-A8A7-4A50-8E8F-F15DE518236C}.Debug|Any CPU.ActiveCfg = Debug|Any CPU
		{787E884D-A8A7-4A50-8E8F-F15DE518236C}.Debug|Any CPU.Build.0 = Debug|Any CPU
		{787E884D-A8A7-4A50-8E8F-F15DE518236C}.Release|Any CPU.ActiveCfg = Release|Any CPU
		{787E884D-A8A7-4A50-8E8F-F15DE518236C}.Release|Any CPU.Build.0 = Release|Any CPU
		{63C0ABF2-B667-4441-8B13-632C0256536F}.Debug|Any CPU.ActiveCfg = Debug|Any CPU
		{63C0ABF2-B667-4441-8B13-632C0256536F}.Debug|Any CPU.Build.0 = Debug|Any CPU
		{63C0ABF2-B667-4441-8B13-632C0256536F}.Release|Any CPU.ActiveCfg = Release|Any CPU
		{63C0ABF2-B667-4441-8B13-632C0256536F}.Release|Any CPU.Build.0 = Release|Any CPU
		{148CA71B-EB57-4B6A-A192-28FD72919B04}.Debug|Any CPU.ActiveCfg = Debug|Any CPU
		{148CA71B-EB57-4B6A-A192-28FD72919B04}.Debug|Any CPU.Build.0 = Debug|Any CPU
		{148CA71B-EB57-4B6A-A192-28FD72919B04}.Release|Any CPU.ActiveCfg = Release|Any CPU
		{148CA71B-EB57-4B6A-A192-28FD72919B04}.Release|Any CPU.Build.0 = Release|Any CPU
		{4EDFBAF0-B765-4B5D-A74C-37B44C7BE22D}.Debug|Any CPU.ActiveCfg = Debug|Any CPU
		{4EDFBAF0-B765-4B5D-A74C-37B44C7BE22D}.Debug|Any CPU.Build.0 = Debug|Any CPU
		{4EDFBAF0-B765-4B5D-A74C-37B44C7BE22D}.Release|Any CPU.ActiveCfg = Release|Any CPU
		{4EDFBAF0-B765-4B5D-A74C-37B44C7BE22D}.Release|Any CPU.Build.0 = Release|Any CPU
		{C78C993A-B8EE-4B29-89DC-4B7D3E5D369D}.Debug|Any CPU.ActiveCfg = Debug|Any CPU
		{C78C993A-B8EE-4B29-89DC-4B7D3E5D369D}.Debug|Any CPU.Build.0 = Debug|Any CPU
		{C78C993A-B8EE-4B29-89DC-4B7D3E5D369D}.Release|Any CPU.ActiveCfg = Release|Any CPU
		{C78C993A-B8EE-4B29-89DC-4B7D3E5D369D}.Release|Any CPU.Build.0 = Release|Any CPU
		{8BD8DBCC-6C2C-409E-92AF-5579CB9B5D26}.Debug|Any CPU.ActiveCfg = Debug|Any CPU
		{8BD8DBCC-6C2C-409E-92AF-5579CB9B5D26}.Debug|Any CPU.Build.0 = Debug|Any CPU
		{8BD8DBCC-6C2C-409E-92AF-5579CB9B5D26}.Release|Any CPU.ActiveCfg = Release|Any CPU
		{8BD8DBCC-6C2C-409E-92AF-5579CB9B5D26}.Release|Any CPU.Build.0 = Release|Any CPU
		{F019560A-6BD8-4DD6-AB8E-B7559BAB31DB}.Debug|Any CPU.ActiveCfg = Debug|Any CPU
		{F019560A-6BD8-4DD6-AB8E-B7559BAB31DB}.Debug|Any CPU.Build.0 = Debug|Any CPU
		{F019560A-6BD8-4DD6-AB8E-B7559BAB31DB}.Release|Any CPU.ActiveCfg = Release|Any CPU
		{F019560A-6BD8-4DD6-AB8E-B7559BAB31DB}.Release|Any CPU.Build.0 = Release|Any CPU
		{D7ABB2EB-BC83-4949-A8C0-9F5C6C0C90D8}.Debug|Any CPU.ActiveCfg = Debug|Any CPU
		{D7ABB2EB-BC83-4949-A8C0-9F5C6C0C90D8}.Debug|Any CPU.Build.0 = Debug|Any CPU
		{D7ABB2EB-BC83-4949-A8C0-9F5C6C0C90D8}.Release|Any CPU.ActiveCfg = Release|Any CPU
		{D7ABB2EB-BC83-4949-A8C0-9F5C6C0C90D8}.Release|Any CPU.Build.0 = Release|Any CPU
		{4B811977-686F-41A6-B556-5DC9BA75C71A}.Debug|Any CPU.ActiveCfg = Debug|Any CPU
		{4B811977-686F-41A6-B556-5DC9BA75C71A}.Debug|Any CPU.Build.0 = Debug|Any CPU
		{4B811977-686F-41A6-B556-5DC9BA75C71A}.Release|Any CPU.ActiveCfg = Release|Any CPU
		{4B811977-686F-41A6-B556-5DC9BA75C71A}.Release|Any CPU.Build.0 = Release|Any CPU
		{AAA4E943-FCC7-4282-8D23-41050E2BF1B2}.Debug|Any CPU.ActiveCfg = Debug|Any CPU
		{AAA4E943-FCC7-4282-8D23-41050E2BF1B2}.Debug|Any CPU.Build.0 = Debug|Any CPU
		{AAA4E943-FCC7-4282-8D23-41050E2BF1B2}.Release|Any CPU.ActiveCfg = Release|Any CPU
		{AAA4E943-FCC7-4282-8D23-41050E2BF1B2}.Release|Any CPU.Build.0 = Release|Any CPU
		{33F4FF2E-B1DB-4276-BBEB-C8870C70D1BE}.Debug|Any CPU.ActiveCfg = Debug|Any CPU
		{33F4FF2E-B1DB-4276-BBEB-C8870C70D1BE}.Debug|Any CPU.Build.0 = Debug|Any CPU
		{33F4FF2E-B1DB-4276-BBEB-C8870C70D1BE}.Release|Any CPU.ActiveCfg = Release|Any CPU
		{33F4FF2E-B1DB-4276-BBEB-C8870C70D1BE}.Release|Any CPU.Build.0 = Release|Any CPU
		{A42A66E6-F254-4615-ABEC-AF1B7A6646E1}.Debug|Any CPU.ActiveCfg = Debug|Any CPU
		{A42A66E6-F254-4615-ABEC-AF1B7A6646E1}.Debug|Any CPU.Build.0 = Debug|Any CPU
		{A42A66E6-F254-4615-ABEC-AF1B7A6646E1}.Release|Any CPU.ActiveCfg = Release|Any CPU
		{A42A66E6-F254-4615-ABEC-AF1B7A6646E1}.Release|Any CPU.Build.0 = Release|Any CPU
		{B5BA2656-1CF6-40BB-9AE2-7E400C034B92}.Debug|Any CPU.ActiveCfg = Debug|Any CPU
		{B5BA2656-1CF6-40BB-9AE2-7E400C034B92}.Debug|Any CPU.Build.0 = Debug|Any CPU
		{B5BA2656-1CF6-40BB-9AE2-7E400C034B92}.Release|Any CPU.ActiveCfg = Release|Any CPU
		{B5BA2656-1CF6-40BB-9AE2-7E400C034B92}.Release|Any CPU.Build.0 = Release|Any CPU
		{5325B18D-9E57-4909-B173-ABD228DDBFA8}.Debug|Any CPU.ActiveCfg = Debug|Any CPU
		{5325B18D-9E57-4909-B173-ABD228DDBFA8}.Debug|Any CPU.Build.0 = Debug|Any CPU
		{5325B18D-9E57-4909-B173-ABD228DDBFA8}.Release|Any CPU.ActiveCfg = Release|Any CPU
		{5325B18D-9E57-4909-B173-ABD228DDBFA8}.Release|Any CPU.Build.0 = Release|Any CPU
		{388F4FF9-A620-4E22-9E9B-C44AB91CE8CC}.Debug|Any CPU.ActiveCfg = Debug|Any CPU
		{388F4FF9-A620-4E22-9E9B-C44AB91CE8CC}.Debug|Any CPU.Build.0 = Debug|Any CPU
		{388F4FF9-A620-4E22-9E9B-C44AB91CE8CC}.Release|Any CPU.ActiveCfg = Release|Any CPU
		{388F4FF9-A620-4E22-9E9B-C44AB91CE8CC}.Release|Any CPU.Build.0 = Release|Any CPU
		{03C2CAA5-1CB6-4882-B69D-0C9CB27048F8}.Debug|Any CPU.ActiveCfg = Debug|Any CPU
		{03C2CAA5-1CB6-4882-B69D-0C9CB27048F8}.Debug|Any CPU.Build.0 = Debug|Any CPU
		{03C2CAA5-1CB6-4882-B69D-0C9CB27048F8}.Release|Any CPU.ActiveCfg = Release|Any CPU
		{03C2CAA5-1CB6-4882-B69D-0C9CB27048F8}.Release|Any CPU.Build.0 = Release|Any CPU
		{C8F84F2A-86E1-470D-A1E3-411E0D027CFE}.Debug|Any CPU.ActiveCfg = Debug|Any CPU
		{C8F84F2A-86E1-470D-A1E3-411E0D027CFE}.Debug|Any CPU.Build.0 = Debug|Any CPU
		{C8F84F2A-86E1-470D-A1E3-411E0D027CFE}.Release|Any CPU.ActiveCfg = Release|Any CPU
		{C8F84F2A-86E1-470D-A1E3-411E0D027CFE}.Release|Any CPU.Build.0 = Release|Any CPU
		{0F296B31-C908-4F47-8BC3-ECC73CFDF5E3}.Debug|Any CPU.ActiveCfg = Debug|Any CPU
		{0F296B31-C908-4F47-8BC3-ECC73CFDF5E3}.Debug|Any CPU.Build.0 = Debug|Any CPU
		{0F296B31-C908-4F47-8BC3-ECC73CFDF5E3}.Release|Any CPU.ActiveCfg = Release|Any CPU
		{0F296B31-C908-4F47-8BC3-ECC73CFDF5E3}.Release|Any CPU.Build.0 = Release|Any CPU
		{1C932510-D472-4992-B770-BE8D551E24FF}.Debug|Any CPU.ActiveCfg = Debug|Any CPU
		{1C932510-D472-4992-B770-BE8D551E24FF}.Debug|Any CPU.Build.0 = Debug|Any CPU
		{1C932510-D472-4992-B770-BE8D551E24FF}.Release|Any CPU.ActiveCfg = Release|Any CPU
		{1C932510-D472-4992-B770-BE8D551E24FF}.Release|Any CPU.Build.0 = Release|Any CPU
		{31B90D60-B2AF-4662-82C3-6EFF8FD9C1E5}.Debug|Any CPU.ActiveCfg = Debug|Any CPU
		{31B90D60-B2AF-4662-82C3-6EFF8FD9C1E5}.Debug|Any CPU.Build.0 = Debug|Any CPU
		{31B90D60-B2AF-4662-82C3-6EFF8FD9C1E5}.Release|Any CPU.ActiveCfg = Release|Any CPU
		{31B90D60-B2AF-4662-82C3-6EFF8FD9C1E5}.Release|Any CPU.Build.0 = Release|Any CPU
		{6BAC35B4-8FCC-47E4-A2DF-2EC6CCDA1AAA}.Debug|Any CPU.ActiveCfg = Debug|Any CPU
		{6BAC35B4-8FCC-47E4-A2DF-2EC6CCDA1AAA}.Debug|Any CPU.Build.0 = Debug|Any CPU
		{6BAC35B4-8FCC-47E4-A2DF-2EC6CCDA1AAA}.Release|Any CPU.ActiveCfg = Release|Any CPU
		{6BAC35B4-8FCC-47E4-A2DF-2EC6CCDA1AAA}.Release|Any CPU.Build.0 = Release|Any CPU
		{95B12146-E761-492B-9060-4F8387CCAC87}.Debug|Any CPU.ActiveCfg = Debug|Any CPU
		{95B12146-E761-492B-9060-4F8387CCAC87}.Debug|Any CPU.Build.0 = Debug|Any CPU
		{95B12146-E761-492B-9060-4F8387CCAC87}.Release|Any CPU.ActiveCfg = Release|Any CPU
		{95B12146-E761-492B-9060-4F8387CCAC87}.Release|Any CPU.Build.0 = Release|Any CPU
		{EE074919-7E00-402E-8CCC-D35F64E1D8B7}.Debug|Any CPU.ActiveCfg = Debug|Any CPU
		{EE074919-7E00-402E-8CCC-D35F64E1D8B7}.Debug|Any CPU.Build.0 = Debug|Any CPU
		{EE074919-7E00-402E-8CCC-D35F64E1D8B7}.Release|Any CPU.ActiveCfg = Release|Any CPU
		{EE074919-7E00-402E-8CCC-D35F64E1D8B7}.Release|Any CPU.Build.0 = Release|Any CPU
		{17AAD12C-7404-4D37-A3C5-FFFC49D91D6A}.Debug|Any CPU.ActiveCfg = Debug|Any CPU
		{17AAD12C-7404-4D37-A3C5-FFFC49D91D6A}.Debug|Any CPU.Build.0 = Debug|Any CPU
		{17AAD12C-7404-4D37-A3C5-FFFC49D91D6A}.Release|Any CPU.ActiveCfg = Release|Any CPU
		{17AAD12C-7404-4D37-A3C5-FFFC49D91D6A}.Release|Any CPU.Build.0 = Release|Any CPU
		{09C759BF-B797-4B19-9834-7BBF3635FBCE}.Debug|Any CPU.ActiveCfg = Debug|Any CPU
		{09C759BF-B797-4B19-9834-7BBF3635FBCE}.Debug|Any CPU.Build.0 = Debug|Any CPU
		{09C759BF-B797-4B19-9834-7BBF3635FBCE}.Release|Any CPU.ActiveCfg = Release|Any CPU
		{09C759BF-B797-4B19-9834-7BBF3635FBCE}.Release|Any CPU.Build.0 = Release|Any CPU
		{EFCFBBFD-1250-4966-ADF8-AC1C39D98913}.Debug|Any CPU.ActiveCfg = Debug|Any CPU
		{EFCFBBFD-1250-4966-ADF8-AC1C39D98913}.Debug|Any CPU.Build.0 = Debug|Any CPU
		{EFCFBBFD-1250-4966-ADF8-AC1C39D98913}.Release|Any CPU.ActiveCfg = Release|Any CPU
		{EFCFBBFD-1250-4966-ADF8-AC1C39D98913}.Release|Any CPU.Build.0 = Release|Any CPU
		{2692A045-B508-439E-84DC-9722DF649FB4}.Debug|Any CPU.ActiveCfg = Debug|Any CPU
		{2692A045-B508-439E-84DC-9722DF649FB4}.Debug|Any CPU.Build.0 = Debug|Any CPU
		{2692A045-B508-439E-84DC-9722DF649FB4}.Release|Any CPU.ActiveCfg = Release|Any CPU
		{2692A045-B508-439E-84DC-9722DF649FB4}.Release|Any CPU.Build.0 = Release|Any CPU
		{CFE74C23-1996-4954-811C-754077A7BFD8}.Debug|Any CPU.ActiveCfg = Debug|Any CPU
		{CFE74C23-1996-4954-811C-754077A7BFD8}.Debug|Any CPU.Build.0 = Debug|Any CPU
		{CFE74C23-1996-4954-811C-754077A7BFD8}.Release|Any CPU.ActiveCfg = Release|Any CPU
		{CFE74C23-1996-4954-811C-754077A7BFD8}.Release|Any CPU.Build.0 = Release|Any CPU
		{42C183A5-5E46-489D-9843-108193382F60}.Debug|Any CPU.ActiveCfg = Debug|Any CPU
		{42C183A5-5E46-489D-9843-108193382F60}.Debug|Any CPU.Build.0 = Debug|Any CPU
		{42C183A5-5E46-489D-9843-108193382F60}.Release|Any CPU.ActiveCfg = Release|Any CPU
		{42C183A5-5E46-489D-9843-108193382F60}.Release|Any CPU.Build.0 = Release|Any CPU
		{5AC86B7E-2B6D-4402-BFB5-DCBD6F14D8C6}.Debug|Any CPU.ActiveCfg = Debug|Any CPU
		{5AC86B7E-2B6D-4402-BFB5-DCBD6F14D8C6}.Debug|Any CPU.Build.0 = Debug|Any CPU
		{5AC86B7E-2B6D-4402-BFB5-DCBD6F14D8C6}.Release|Any CPU.ActiveCfg = Release|Any CPU
		{5AC86B7E-2B6D-4402-BFB5-DCBD6F14D8C6}.Release|Any CPU.Build.0 = Release|Any CPU
		{FFE3BFD7-3FCA-4569-A733-0E2F2565B04C}.Debug|Any CPU.ActiveCfg = Debug|Any CPU
		{FFE3BFD7-3FCA-4569-A733-0E2F2565B04C}.Debug|Any CPU.Build.0 = Debug|Any CPU
		{FFE3BFD7-3FCA-4569-A733-0E2F2565B04C}.Release|Any CPU.ActiveCfg = Release|Any CPU
		{FFE3BFD7-3FCA-4569-A733-0E2F2565B04C}.Release|Any CPU.Build.0 = Release|Any CPU
		{7F402BBF-32CC-452A-8AEF-872D8FC6E3DB}.Debug|Any CPU.ActiveCfg = Debug|Any CPU
		{7F402BBF-32CC-452A-8AEF-872D8FC6E3DB}.Debug|Any CPU.Build.0 = Debug|Any CPU
		{7F402BBF-32CC-452A-8AEF-872D8FC6E3DB}.Release|Any CPU.ActiveCfg = Release|Any CPU
		{7F402BBF-32CC-452A-8AEF-872D8FC6E3DB}.Release|Any CPU.Build.0 = Release|Any CPU
		{DFCD0648-9CF6-44C6-98B0-EF2D113504BD}.Debug|Any CPU.ActiveCfg = Debug|Any CPU
		{DFCD0648-9CF6-44C6-98B0-EF2D113504BD}.Debug|Any CPU.Build.0 = Debug|Any CPU
		{DFCD0648-9CF6-44C6-98B0-EF2D113504BD}.Release|Any CPU.ActiveCfg = Release|Any CPU
		{DFCD0648-9CF6-44C6-98B0-EF2D113504BD}.Release|Any CPU.Build.0 = Release|Any CPU
		{AA612E4E-DF0D-4537-84C4-5151F1DFAE28}.Debug|Any CPU.ActiveCfg = Debug|Any CPU
		{AA612E4E-DF0D-4537-84C4-5151F1DFAE28}.Debug|Any CPU.Build.0 = Debug|Any CPU
		{AA612E4E-DF0D-4537-84C4-5151F1DFAE28}.Release|Any CPU.ActiveCfg = Release|Any CPU
		{AA612E4E-DF0D-4537-84C4-5151F1DFAE28}.Release|Any CPU.Build.0 = Release|Any CPU
		{E0CCB376-6A5B-4F8D-86F7-1B28D8C2EF50}.Debug|Any CPU.ActiveCfg = Debug|Any CPU
		{E0CCB376-6A5B-4F8D-86F7-1B28D8C2EF50}.Debug|Any CPU.Build.0 = Debug|Any CPU
		{E0CCB376-6A5B-4F8D-86F7-1B28D8C2EF50}.Release|Any CPU.ActiveCfg = Release|Any CPU
		{E0CCB376-6A5B-4F8D-86F7-1B28D8C2EF50}.Release|Any CPU.Build.0 = Release|Any CPU
		{C34DFCAE-DBEE-414B-97B0-75CBAFEB98A7}.Debug|Any CPU.ActiveCfg = Debug|Any CPU
		{C34DFCAE-DBEE-414B-97B0-75CBAFEB98A7}.Debug|Any CPU.Build.0 = Debug|Any CPU
		{C34DFCAE-DBEE-414B-97B0-75CBAFEB98A7}.Release|Any CPU.ActiveCfg = Release|Any CPU
		{C34DFCAE-DBEE-414B-97B0-75CBAFEB98A7}.Release|Any CPU.Build.0 = Release|Any CPU
		{F0D6208B-5AA3-439D-9D48-90DCA552769D}.Debug|Any CPU.ActiveCfg = Debug|Any CPU
		{F0D6208B-5AA3-439D-9D48-90DCA552769D}.Debug|Any CPU.Build.0 = Debug|Any CPU
		{F0D6208B-5AA3-439D-9D48-90DCA552769D}.Release|Any CPU.ActiveCfg = Release|Any CPU
		{F0D6208B-5AA3-439D-9D48-90DCA552769D}.Release|Any CPU.Build.0 = Release|Any CPU
		{FE114F8C-12D5-4DC0-B217-E3FA51E493B4}.Debug|Any CPU.ActiveCfg = Debug|Any CPU
		{FE114F8C-12D5-4DC0-B217-E3FA51E493B4}.Debug|Any CPU.Build.0 = Debug|Any CPU
		{FE114F8C-12D5-4DC0-B217-E3FA51E493B4}.Release|Any CPU.ActiveCfg = Release|Any CPU
		{FE114F8C-12D5-4DC0-B217-E3FA51E493B4}.Release|Any CPU.Build.0 = Release|Any CPU
		{61CECD59-BE17-41A4-AD55-68E12828B1ED}.Debug|Any CPU.ActiveCfg = Debug|Any CPU
		{61CECD59-BE17-41A4-AD55-68E12828B1ED}.Debug|Any CPU.Build.0 = Debug|Any CPU
		{61CECD59-BE17-41A4-AD55-68E12828B1ED}.Release|Any CPU.ActiveCfg = Release|Any CPU
		{61CECD59-BE17-41A4-AD55-68E12828B1ED}.Release|Any CPU.Build.0 = Release|Any CPU
		{D7526DFE-8795-484A-8776-9B34BE0965FF}.Debug|Any CPU.ActiveCfg = Debug|Any CPU
		{D7526DFE-8795-484A-8776-9B34BE0965FF}.Debug|Any CPU.Build.0 = Debug|Any CPU
		{D7526DFE-8795-484A-8776-9B34BE0965FF}.Release|Any CPU.ActiveCfg = Release|Any CPU
		{D7526DFE-8795-484A-8776-9B34BE0965FF}.Release|Any CPU.Build.0 = Release|Any CPU
		{37E97CA0-1890-4D45-B5E1-3AF6800BC732}.Debug|Any CPU.ActiveCfg = Debug|Any CPU
		{37E97CA0-1890-4D45-B5E1-3AF6800BC732}.Debug|Any CPU.Build.0 = Debug|Any CPU
		{37E97CA0-1890-4D45-B5E1-3AF6800BC732}.Release|Any CPU.ActiveCfg = Release|Any CPU
		{37E97CA0-1890-4D45-B5E1-3AF6800BC732}.Release|Any CPU.Build.0 = Release|Any CPU
		{17F05F91-7835-4FBA-B17F-D4702268B957}.Debug|Any CPU.ActiveCfg = Debug|Any CPU
		{17F05F91-7835-4FBA-B17F-D4702268B957}.Debug|Any CPU.Build.0 = Debug|Any CPU
		{17F05F91-7835-4FBA-B17F-D4702268B957}.Release|Any CPU.ActiveCfg = Release|Any CPU
		{17F05F91-7835-4FBA-B17F-D4702268B957}.Release|Any CPU.Build.0 = Release|Any CPU
		{4E32D3A0-A42D-4159-963B-0CA122B20B68}.Debug|Any CPU.ActiveCfg = Debug|Any CPU
		{4E32D3A0-A42D-4159-963B-0CA122B20B68}.Debug|Any CPU.Build.0 = Debug|Any CPU
		{4E32D3A0-A42D-4159-963B-0CA122B20B68}.Release|Any CPU.ActiveCfg = Release|Any CPU
		{4E32D3A0-A42D-4159-963B-0CA122B20B68}.Release|Any CPU.Build.0 = Release|Any CPU
		{6038ECDE-29F0-4885-AA4F-472EB1973AFC}.Debug|Any CPU.ActiveCfg = Debug|Any CPU
		{6038ECDE-29F0-4885-AA4F-472EB1973AFC}.Debug|Any CPU.Build.0 = Debug|Any CPU
		{6038ECDE-29F0-4885-AA4F-472EB1973AFC}.Release|Any CPU.ActiveCfg = Release|Any CPU
		{6038ECDE-29F0-4885-AA4F-472EB1973AFC}.Release|Any CPU.Build.0 = Release|Any CPU
		{A9972EAD-84FC-483C-942A-2F6F1DFF76B6}.Debug|Any CPU.ActiveCfg = Debug|Any CPU
		{A9972EAD-84FC-483C-942A-2F6F1DFF76B6}.Debug|Any CPU.Build.0 = Debug|Any CPU
		{A9972EAD-84FC-483C-942A-2F6F1DFF76B6}.Release|Any CPU.ActiveCfg = Release|Any CPU
		{A9972EAD-84FC-483C-942A-2F6F1DFF76B6}.Release|Any CPU.Build.0 = Release|Any CPU
		{8F5C156C-0F5C-4BA0-B447-7E7BA15FFFEF}.Debug|Any CPU.ActiveCfg = Debug|Any CPU
		{8F5C156C-0F5C-4BA0-B447-7E7BA15FFFEF}.Debug|Any CPU.Build.0 = Debug|Any CPU
		{8F5C156C-0F5C-4BA0-B447-7E7BA15FFFEF}.Release|Any CPU.ActiveCfg = Release|Any CPU
		{8F5C156C-0F5C-4BA0-B447-7E7BA15FFFEF}.Release|Any CPU.Build.0 = Release|Any CPU
		{C79F0002-92E2-4195-AF16-1C85B027676F}.Debug|Any CPU.ActiveCfg = Debug|Any CPU
		{C79F0002-92E2-4195-AF16-1C85B027676F}.Debug|Any CPU.Build.0 = Debug|Any CPU
		{C79F0002-92E2-4195-AF16-1C85B027676F}.Release|Any CPU.ActiveCfg = Release|Any CPU
		{C79F0002-92E2-4195-AF16-1C85B027676F}.Release|Any CPU.Build.0 = Release|Any CPU
		{E15C1308-F410-4E8E-8698-65AED540AE27}.Debug|Any CPU.ActiveCfg = Debug|Any CPU
		{E15C1308-F410-4E8E-8698-65AED540AE27}.Debug|Any CPU.Build.0 = Debug|Any CPU
		{E15C1308-F410-4E8E-8698-65AED540AE27}.Release|Any CPU.ActiveCfg = Release|Any CPU
		{E15C1308-F410-4E8E-8698-65AED540AE27}.Release|Any CPU.Build.0 = Release|Any CPU
		{55F35BD8-2195-4532-8F84-20FCE28A92B4}.Debug|Any CPU.ActiveCfg = Debug|Any CPU
		{55F35BD8-2195-4532-8F84-20FCE28A92B4}.Debug|Any CPU.Build.0 = Debug|Any CPU
		{55F35BD8-2195-4532-8F84-20FCE28A92B4}.Release|Any CPU.ActiveCfg = Release|Any CPU
		{55F35BD8-2195-4532-8F84-20FCE28A92B4}.Release|Any CPU.Build.0 = Release|Any CPU
		{B2A7B67A-9D13-4271-9326-146BD2657552}.Debug|Any CPU.ActiveCfg = Debug|Any CPU
		{B2A7B67A-9D13-4271-9326-146BD2657552}.Debug|Any CPU.Build.0 = Debug|Any CPU
		{B2A7B67A-9D13-4271-9326-146BD2657552}.Release|Any CPU.ActiveCfg = Release|Any CPU
		{B2A7B67A-9D13-4271-9326-146BD2657552}.Release|Any CPU.Build.0 = Release|Any CPU
		{5DF9CED6-96BC-47BA-B232-8204B4B4E6D4}.Debug|Any CPU.ActiveCfg = Debug|Any CPU
		{5DF9CED6-96BC-47BA-B232-8204B4B4E6D4}.Debug|Any CPU.Build.0 = Debug|Any CPU
		{5DF9CED6-96BC-47BA-B232-8204B4B4E6D4}.Release|Any CPU.ActiveCfg = Release|Any CPU
		{5DF9CED6-96BC-47BA-B232-8204B4B4E6D4}.Release|Any CPU.Build.0 = Release|Any CPU
		{A0A4F170-D975-42FA-AFD3-42EE76D46B8D}.Debug|Any CPU.ActiveCfg = Debug|Any CPU
		{A0A4F170-D975-42FA-AFD3-42EE76D46B8D}.Debug|Any CPU.Build.0 = Debug|Any CPU
		{A0A4F170-D975-42FA-AFD3-42EE76D46B8D}.Release|Any CPU.ActiveCfg = Release|Any CPU
		{A0A4F170-D975-42FA-AFD3-42EE76D46B8D}.Release|Any CPU.Build.0 = Release|Any CPU
		{79E5DA9D-5696-40F2-B0FA-12DA82E49FA5}.Debug|Any CPU.ActiveCfg = Debug|Any CPU
		{79E5DA9D-5696-40F2-B0FA-12DA82E49FA5}.Debug|Any CPU.Build.0 = Debug|Any CPU
		{79E5DA9D-5696-40F2-B0FA-12DA82E49FA5}.Release|Any CPU.ActiveCfg = Release|Any CPU
		{79E5DA9D-5696-40F2-B0FA-12DA82E49FA5}.Release|Any CPU.Build.0 = Release|Any CPU
		{F7937685-DA99-47D8-984D-88C439B43EB7}.Debug|Any CPU.ActiveCfg = Debug|Any CPU
		{F7937685-DA99-47D8-984D-88C439B43EB7}.Debug|Any CPU.Build.0 = Debug|Any CPU
		{F7937685-DA99-47D8-984D-88C439B43EB7}.Release|Any CPU.ActiveCfg = Release|Any CPU
		{F7937685-DA99-47D8-984D-88C439B43EB7}.Release|Any CPU.Build.0 = Release|Any CPU
		{43DFC54F-6E62-4E42-9629-4CC8D4C992E3}.Debug|Any CPU.ActiveCfg = Debug|Any CPU
		{43DFC54F-6E62-4E42-9629-4CC8D4C992E3}.Debug|Any CPU.Build.0 = Debug|Any CPU
		{43DFC54F-6E62-4E42-9629-4CC8D4C992E3}.Release|Any CPU.ActiveCfg = Release|Any CPU
		{43DFC54F-6E62-4E42-9629-4CC8D4C992E3}.Release|Any CPU.Build.0 = Release|Any CPU
		{586A518E-BCA8-4611-BA3B-175E4FC56ABA}.Debug|Any CPU.ActiveCfg = Debug|Any CPU
		{586A518E-BCA8-4611-BA3B-175E4FC56ABA}.Debug|Any CPU.Build.0 = Debug|Any CPU
		{586A518E-BCA8-4611-BA3B-175E4FC56ABA}.Release|Any CPU.ActiveCfg = Release|Any CPU
		{586A518E-BCA8-4611-BA3B-175E4FC56ABA}.Release|Any CPU.Build.0 = Release|Any CPU
		{13297A9D-FFFE-47DB-8091-9DD9EEF29453}.Debug|Any CPU.ActiveCfg = Debug|Any CPU
		{13297A9D-FFFE-47DB-8091-9DD9EEF29453}.Debug|Any CPU.Build.0 = Debug|Any CPU
		{13297A9D-FFFE-47DB-8091-9DD9EEF29453}.Release|Any CPU.ActiveCfg = Release|Any CPU
		{13297A9D-FFFE-47DB-8091-9DD9EEF29453}.Release|Any CPU.Build.0 = Release|Any CPU
		{C713CB10-8F8D-4BA8-9760-A98A6041D5D6}.Debug|Any CPU.ActiveCfg = Debug|Any CPU
		{C713CB10-8F8D-4BA8-9760-A98A6041D5D6}.Debug|Any CPU.Build.0 = Debug|Any CPU
		{C713CB10-8F8D-4BA8-9760-A98A6041D5D6}.Release|Any CPU.ActiveCfg = Release|Any CPU
		{C713CB10-8F8D-4BA8-9760-A98A6041D5D6}.Release|Any CPU.Build.0 = Release|Any CPU
		{0A410FEB-AB48-4602-ACFC-7378D0297349}.Debug|Any CPU.ActiveCfg = Debug|Any CPU
		{0A410FEB-AB48-4602-ACFC-7378D0297349}.Debug|Any CPU.Build.0 = Debug|Any CPU
		{0A410FEB-AB48-4602-ACFC-7378D0297349}.Release|Any CPU.ActiveCfg = Release|Any CPU
		{0A410FEB-AB48-4602-ACFC-7378D0297349}.Release|Any CPU.Build.0 = Release|Any CPU
		{40AD5E25-1C86-4EB4-BF1C-78FFC2EF988B}.Debug|Any CPU.ActiveCfg = Debug|Any CPU
		{40AD5E25-1C86-4EB4-BF1C-78FFC2EF988B}.Debug|Any CPU.Build.0 = Debug|Any CPU
		{40AD5E25-1C86-4EB4-BF1C-78FFC2EF988B}.Release|Any CPU.ActiveCfg = Release|Any CPU
		{40AD5E25-1C86-4EB4-BF1C-78FFC2EF988B}.Release|Any CPU.Build.0 = Release|Any CPU
		{149A6841-249E-4FF6-AE2A-276AE4E4BFAA}.Debug|Any CPU.ActiveCfg = Debug|Any CPU
		{149A6841-249E-4FF6-AE2A-276AE4E4BFAA}.Debug|Any CPU.Build.0 = Debug|Any CPU
		{149A6841-249E-4FF6-AE2A-276AE4E4BFAA}.Release|Any CPU.ActiveCfg = Release|Any CPU
		{149A6841-249E-4FF6-AE2A-276AE4E4BFAA}.Release|Any CPU.Build.0 = Release|Any CPU
		{9DD5FF6B-358B-4668-8594-99A22AA32723}.Debug|Any CPU.ActiveCfg = Debug|Any CPU
		{9DD5FF6B-358B-4668-8594-99A22AA32723}.Debug|Any CPU.Build.0 = Debug|Any CPU
		{9DD5FF6B-358B-4668-8594-99A22AA32723}.Release|Any CPU.ActiveCfg = Release|Any CPU
		{9DD5FF6B-358B-4668-8594-99A22AA32723}.Release|Any CPU.Build.0 = Release|Any CPU
		{35CCCCF1-F571-4F0C-B726-38BDFC291564}.Debug|Any CPU.ActiveCfg = Debug|Any CPU
		{35CCCCF1-F571-4F0C-B726-38BDFC291564}.Debug|Any CPU.Build.0 = Debug|Any CPU
		{35CCCCF1-F571-4F0C-B726-38BDFC291564}.Release|Any CPU.ActiveCfg = Release|Any CPU
		{35CCCCF1-F571-4F0C-B726-38BDFC291564}.Release|Any CPU.Build.0 = Release|Any CPU
		{30A37006-2CEE-42AB-90D4-4E45EFE62612}.Debug|Any CPU.ActiveCfg = Debug|Any CPU
		{30A37006-2CEE-42AB-90D4-4E45EFE62612}.Debug|Any CPU.Build.0 = Debug|Any CPU
		{30A37006-2CEE-42AB-90D4-4E45EFE62612}.Release|Any CPU.ActiveCfg = Release|Any CPU
		{30A37006-2CEE-42AB-90D4-4E45EFE62612}.Release|Any CPU.Build.0 = Release|Any CPU
		{CDD4EFAA-4A91-4A05-BABB-C60CE9AD2F29}.Debug|Any CPU.ActiveCfg = Debug|Any CPU
		{CDD4EFAA-4A91-4A05-BABB-C60CE9AD2F29}.Debug|Any CPU.Build.0 = Debug|Any CPU
		{CDD4EFAA-4A91-4A05-BABB-C60CE9AD2F29}.Release|Any CPU.ActiveCfg = Release|Any CPU
		{CDD4EFAA-4A91-4A05-BABB-C60CE9AD2F29}.Release|Any CPU.Build.0 = Release|Any CPU
		{BB1B0DDC-3FA5-47D5-B015-50CC08D1DFE8}.Debug|Any CPU.ActiveCfg = Debug|Any CPU
		{BB1B0DDC-3FA5-47D5-B015-50CC08D1DFE8}.Debug|Any CPU.Build.0 = Debug|Any CPU
		{BB1B0DDC-3FA5-47D5-B015-50CC08D1DFE8}.Release|Any CPU.ActiveCfg = Release|Any CPU
		{BB1B0DDC-3FA5-47D5-B015-50CC08D1DFE8}.Release|Any CPU.Build.0 = Release|Any CPU
	EndGlobalSection
	GlobalSection(SolutionProperties) = preSolution
		HideSolutionNode = FALSE
	EndGlobalSection
	GlobalSection(NestedProjects) = preSolution
		{ED71D78C-CD6F-4971-8927-46EC70087BE0} = {B6EA2AC7-DB09-468E-B123-4C683C15382B}
		{3B0D4E90-046F-45C2-A64E-978C84726720} = {B6EA2AC7-DB09-468E-B123-4C683C15382B}
		{C7AEE293-DF4D-4287-97C5-C6F46D5ACAEB} = {B6EA2AC7-DB09-468E-B123-4C683C15382B}
		{8857123D-052B-4B7F-963F-1F416E1A3F45} = {B6EA2AC7-DB09-468E-B123-4C683C15382B}
		{29549C09-D1F2-4D84-A6D0-903FA7184D22} = {B6EA2AC7-DB09-468E-B123-4C683C15382B}
		{51852FD1-3027-4091-B17F-22FBFDF8E30C} = {B6EA2AC7-DB09-468E-B123-4C683C15382B}
		{C4A196EF-E9E3-47E3-856A-35764DE28488} = {B38E43B4-CD2C-49E3-BCE4-57A2AB13C0FF}
		{1A6A7122-E964-4F7D-BB90-5F8DC12035D1} = {B38E43B4-CD2C-49E3-BCE4-57A2AB13C0FF}
		{BDDF4883-51E2-49DC-BDDD-42CE25A117AF} = {B38E43B4-CD2C-49E3-BCE4-57A2AB13C0FF}
		{B419379C-2E40-40A8-A41B-8018825C1B9F} = {B38E43B4-CD2C-49E3-BCE4-57A2AB13C0FF}
		{A0231DE0-7C1B-4F66-85B8-0446CC305554} = {B38E43B4-CD2C-49E3-BCE4-57A2AB13C0FF}
		{CBDD0E19-9375-4634-8AEA-B1BFECA6B23C} = {B38E43B4-CD2C-49E3-BCE4-57A2AB13C0FF}
		{0C5C8391-5C73-4C04-B272-2AC3F146E4C9} = {B38E43B4-CD2C-49E3-BCE4-57A2AB13C0FF}
		{51E8EBEE-280C-4B86-9899-ACAFFF6D4DFE} = {B38E43B4-CD2C-49E3-BCE4-57A2AB13C0FF}
		{A337BAA2-D6B0-4330-8D5D-605D158DEBD2} = {B38E43B4-CD2C-49E3-BCE4-57A2AB13C0FF}
		{295D55D0-7DE8-49F8-B044-8E427AFCEC2A} = {B38E43B4-CD2C-49E3-BCE4-57A2AB13C0FF}
		{52D0B8A1-1EF0-4C9C-8B4D-4F8246D94870} = {700755CD-B8B1-46AF-9C4A-E3FD6E673245}
		{99D0D1A2-FC3E-4352-8591-7AE10E46B534} = {700755CD-B8B1-46AF-9C4A-E3FD6E673245}
		{E9B293B4-453C-4645-A5C2-E01B7783F0E2} = {700755CD-B8B1-46AF-9C4A-E3FD6E673245}
		{A4AC62BD-79EE-4870-AD30-B25032A4DA9D} = {BA1102CD-C1D8-4277-9D06-15180541C56D}
		{F194B2DB-ECA8-43FB-9DE6-039B56B5F39E} = {B6EA2AC7-DB09-468E-B123-4C683C15382B}
		{C5ACF2EE-C92D-4BA3-BDFC-40C8051F7D4D} = {BA1102CD-C1D8-4277-9D06-15180541C56D}
		{835F3126-E2A6-4F96-BACF-B150F56F501C} = {BA1102CD-C1D8-4277-9D06-15180541C56D}
		{C8956252-783C-46A2-8E04-498D887D601A} = {BA1102CD-C1D8-4277-9D06-15180541C56D}
		{D9548B60-EDD9-4932-986A-5E5D7B3F32B8} = {BA1102CD-C1D8-4277-9D06-15180541C56D}
		{C2B16D51-71D8-4894-8CF3-D9F93FFD289F} = {BA1102CD-C1D8-4277-9D06-15180541C56D}
		{0B882B9F-6267-473B-8A25-1A6B2BE8E501} = {BA1102CD-C1D8-4277-9D06-15180541C56D}
		{57AD828E-E6A3-4263-BE66-82CEAD0C475B} = {BA1102CD-C1D8-4277-9D06-15180541C56D}
		{342AD471-6843-46D7-BD86-85AC9A712B31} = {BA1102CD-C1D8-4277-9D06-15180541C56D}
		{D34592E4-0E34-487B-B494-F95C16F1E81B} = {BA1102CD-C1D8-4277-9D06-15180541C56D}
		{61FEF20B-C7CA-432F-BEEC-462B49022820} = {BA1102CD-C1D8-4277-9D06-15180541C56D}
		{27F6764D-0C0A-4316-80CF-3B52A0CEA1AD} = {B6EA2AC7-DB09-468E-B123-4C683C15382B}
		{1B2AC255-0958-4B07-AB94-AFB6295C4084} = {B6EA2AC7-DB09-468E-B123-4C683C15382B}
		{4C3419DA-3F08-4636-8D85-965BED8B7B93} = {B6EA2AC7-DB09-468E-B123-4C683C15382B}
		{EE8DB12B-BBC7-446D-BDC6-2A381CAEB23F} = {B6EA2AC7-DB09-468E-B123-4C683C15382B}
		{9648EECD-4C45-47B2-A77D-1E04D1F93F30} = {0314DFDD-4E86-4705-907B-B21526614C71}
		{AE9A6065-0AC6-43D3-A0F8-36532AFA8E1D} = {0314DFDD-4E86-4705-907B-B21526614C71}
		{CA5B943A-2885-4BE3-B0F2-E14DDA6827C0} = {0314DFDD-4E86-4705-907B-B21526614C71}
		{8BC9420F-CDC6-45E0-B880-B9585191BA06} = {0314DFDD-4E86-4705-907B-B21526614C71}
		{8AF6D860-4B50-44DE-87DF-C492DACD7287} = {0314DFDD-4E86-4705-907B-B21526614C71}
		{0A938C3A-6521-4734-9AAA-29744FA4319B} = {995ADCF3-36C2-408E-9BBB-3B494C1C6DB3}
		{CF81D0C4-1FCC-4F85-B94F-EC1E3FC8A82F} = {995ADCF3-36C2-408E-9BBB-3B494C1C6DB3}
		{787E884D-A8A7-4A50-8E8F-F15DE518236C} = {995ADCF3-36C2-408E-9BBB-3B494C1C6DB3}
		{63C0ABF2-B667-4441-8B13-632C0256536F} = {995ADCF3-36C2-408E-9BBB-3B494C1C6DB3}
		{148CA71B-EB57-4B6A-A192-28FD72919B04} = {995ADCF3-36C2-408E-9BBB-3B494C1C6DB3}
		{4EDFBAF0-B765-4B5D-A74C-37B44C7BE22D} = {79039214-9FAE-4600-8AA2-48D4B230D873}
		{C78C993A-B8EE-4B29-89DC-4B7D3E5D369D} = {79039214-9FAE-4600-8AA2-48D4B230D873}
		{8BD8DBCC-6C2C-409E-92AF-5579CB9B5D26} = {700755CD-B8B1-46AF-9C4A-E3FD6E673245}
		{F019560A-6BD8-4DD6-AB8E-B7559BAB31DB} = {700755CD-B8B1-46AF-9C4A-E3FD6E673245}
		{D7ABB2EB-BC83-4949-A8C0-9F5C6C0C90D8} = {700755CD-B8B1-46AF-9C4A-E3FD6E673245}
		{4B811977-686F-41A6-B556-5DC9BA75C71A} = {700755CD-B8B1-46AF-9C4A-E3FD6E673245}
		{AAA4E943-FCC7-4282-8D23-41050E2BF1B2} = {4A579241-978B-44CB-98A2-22ABE4E97179}
		{33F4FF2E-B1DB-4276-BBEB-C8870C70D1BE} = {4A579241-978B-44CB-98A2-22ABE4E97179}
		{A42A66E6-F254-4615-ABEC-AF1B7A6646E1} = {4A579241-978B-44CB-98A2-22ABE4E97179}
		{B5BA2656-1CF6-40BB-9AE2-7E400C034B92} = {4A579241-978B-44CB-98A2-22ABE4E97179}
		{5325B18D-9E57-4909-B173-ABD228DDBFA8} = {79039214-9FAE-4600-8AA2-48D4B230D873}
		{388F4FF9-A620-4E22-9E9B-C44AB91CE8CC} = {79039214-9FAE-4600-8AA2-48D4B230D873}
		{03C2CAA5-1CB6-4882-B69D-0C9CB27048F8} = {79039214-9FAE-4600-8AA2-48D4B230D873}
		{C8F84F2A-86E1-470D-A1E3-411E0D027CFE} = {FEBFD977-8A30-446A-96E9-DD42FACA049C}
		{0F296B31-C908-4F47-8BC3-ECC73CFDF5E3} = {FEBFD977-8A30-446A-96E9-DD42FACA049C}
		{1C932510-D472-4992-B770-BE8D551E24FF} = {FEBFD977-8A30-446A-96E9-DD42FACA049C}
		{31B90D60-B2AF-4662-82C3-6EFF8FD9C1E5} = {9A9E55C3-043B-4529-A656-47DB4AB85E82}
		{6BAC35B4-8FCC-47E4-A2DF-2EC6CCDA1AAA} = {9A9E55C3-043B-4529-A656-47DB4AB85E82}
		{95B12146-E761-492B-9060-4F8387CCAC87} = {9A9E55C3-043B-4529-A656-47DB4AB85E82}
		{E0CCB376-6A5B-4F8D-86F7-1B28D8C2EF50} = {BA1102CD-C1D8-4277-9D06-15180541C56D}
		{F0D6208B-5AA3-439D-9D48-90DCA552769D} = {79039214-9FAE-4600-8AA2-48D4B230D873}
		{FE114F8C-12D5-4DC0-B217-E3FA51E493B4} = {79039214-9FAE-4600-8AA2-48D4B230D873}
		{D7526DFE-8795-484A-8776-9B34BE0965FF} = {47FFB028-6D27-48D1-B3E9-5235D5F528A7}
		{37E97CA0-1890-4D45-B5E1-3AF6800BC732} = {CC35718D-9619-40E8-A2EC-9F82C91C46A8}
		{17F05F91-7835-4FBA-B17F-D4702268B957} = {CC35718D-9619-40E8-A2EC-9F82C91C46A8}
		{4E32D3A0-A42D-4159-963B-0CA122B20B68} = {CC35718D-9619-40E8-A2EC-9F82C91C46A8}
		{6038ECDE-29F0-4885-AA4F-472EB1973AFC} = {CC35718D-9619-40E8-A2EC-9F82C91C46A8}
		{A9972EAD-84FC-483C-942A-2F6F1DFF76B6} = {CC35718D-9619-40E8-A2EC-9F82C91C46A8}
		{8F5C156C-0F5C-4BA0-B447-7E7BA15FFFEF} = {CC35718D-9619-40E8-A2EC-9F82C91C46A8}
		{C79F0002-92E2-4195-AF16-1C85B027676F} = {CC35718D-9619-40E8-A2EC-9F82C91C46A8}
		{E15C1308-F410-4E8E-8698-65AED540AE27} = {CC35718D-9619-40E8-A2EC-9F82C91C46A8}
		{55F35BD8-2195-4532-8F84-20FCE28A92B4} = {CC35718D-9619-40E8-A2EC-9F82C91C46A8}
		{B2A7B67A-9D13-4271-9326-146BD2657552} = {CC35718D-9619-40E8-A2EC-9F82C91C46A8}
		{5DF9CED6-96BC-47BA-B232-8204B4B4E6D4} = {CC35718D-9619-40E8-A2EC-9F82C91C46A8}
		{A0A4F170-D975-42FA-AFD3-42EE76D46B8D} = {CC35718D-9619-40E8-A2EC-9F82C91C46A8}
		{79E5DA9D-5696-40F2-B0FA-12DA82E49FA5} = {9B338C38-C88E-4A14-A60F-F009999AAD3C}
		{F7937685-DA99-47D8-984D-88C439B43EB7} = {9B338C38-C88E-4A14-A60F-F009999AAD3C}
		{43DFC54F-6E62-4E42-9629-4CC8D4C992E3} = {9B338C38-C88E-4A14-A60F-F009999AAD3C}
		{586A518E-BCA8-4611-BA3B-175E4FC56ABA} = {9B338C38-C88E-4A14-A60F-F009999AAD3C}
		{13297A9D-FFFE-47DB-8091-9DD9EEF29453} = {9B338C38-C88E-4A14-A60F-F009999AAD3C}
		{C713CB10-8F8D-4BA8-9760-A98A6041D5D6} = {2A9DB6CD-46E0-40FF-AC8E-97402CC0EC7A}
		{0A410FEB-AB48-4602-ACFC-7378D0297349} = {BCCDCDFC-436D-41E1-B3AA-7C8BD9C5E712}
		{40AD5E25-1C86-4EB4-BF1C-78FFC2EF988B} = {F9E67E0A-F6A7-42A2-97A4-31304F82DBE5}
		{149A6841-249E-4FF6-AE2A-276AE4E4BFAA} = {23417A38-230F-465E-A4FE-6AE6252B0297}
	EndGlobalSection
	GlobalSection(ExtensibilityGlobals) = postSolution
		SolutionGuid = {2F15456C-8D8D-46D5-BA7A-BDE6B90D2960}
	EndGlobalSection
EndGlobal
